
Microsoft Visual Studio Solution File, Format Version 12.00
# Visual Studio Version 17
VisualStudioVersion = 17.0.31919.166
MinimumVisualStudioVersion = 10.0.40219.1
Project("{9A19103F-16F7-4668-BE54-9A1E7A4F7556}") = "Commons", "src\Commons\Commons.csproj", "{1E907B0C-F2D3-4293-A621-5A2E8CEBEB16}"
EndProject
Project("{9A19103F-16F7-4668-BE54-9A1E7A4F7556}") = "Documentation", "doc\Documentation\Documentation.csproj", "{B564D529-DA46-4713-ACA5-BB7F6B9B32D9}"
EndProject
Project("{2150E333-8FDC-42A3-9474-1A3956D46DE8}") = "Plugins", "Plugins", "{59427CF1-D6B7-4779-9E62-4717C5763762}"
	ProjectSection(SolutionItems) = preProject
		src\Plugins\Directory.Build.props = src\Plugins\Directory.Build.props
	EndProjectSection
EndProject
Project("{9A19103F-16F7-4668-BE54-9A1E7A4F7556}") = "Hangfire", "src\Plugins\Hangfire\Hangfire.csproj", "{3E777E1F-A8C0-4175-9694-FE27E549E814}"
EndProject
Project("{9A19103F-16F7-4668-BE54-9A1E7A4F7556}") = "Python", "src\Plugins\Python\Python.csproj", "{2D0EDA9F-4441-4A78-BC41-CE2C5F1636AA}"
EndProject
Project("{9A19103F-16F7-4668-BE54-9A1E7A4F7556}") = "Swagger.AspNetCore", "src\Plugins\Swagger.AspNetCore\Swagger.AspNetCore.csproj", "{67156B18-90A7-4302-9AA0-920814E24F1B}"
EndProject
Project("{9A19103F-16F7-4668-BE54-9A1E7A4F7556}") = "Swagger", "src\Plugins\Swagger\Swagger.csproj", "{DE91439F-D233-439C-9B10-3261DBA9E760}"
EndProject
Project("{2150E333-8FDC-42A3-9474-1A3956D46DE8}") = "Swagger", "Swagger", "{CD6DDE10-3DC3-4D42-BA45-9999E995F39A}"
EndProject
Project("{9A19103F-16F7-4668-BE54-9A1E7A4F7556}") = "Pdf", "src\Plugins\Pdf\Pdf.csproj", "{40C11852-04ED-413B-9FED-C9666D62B0A2}"
EndProject
Project("{2150E333-8FDC-42A3-9474-1A3956D46DE8}") = "Docs", "Docs", "{2A275D42-9681-495E-80B8-D0529680DED7}"
	ProjectSection(SolutionItems) = preProject
		README.md = README.md
	EndProjectSection
EndProject
Project("{2150E333-8FDC-42A3-9474-1A3956D46DE8}") = "Tests", "Tests", "{6DF8173F-DE7A-4110-B192-856C0CD48D37}"
EndProject
Project("{9A19103F-16F7-4668-BE54-9A1E7A4F7556}") = "Core.Test", "test\Core.Test\Core.Test.csproj", "{CAB8385E-033D-4D3B-A7F2-6F024AAB8527}"
EndProject
Project("{9A19103F-16F7-4668-BE54-9A1E7A4F7556}") = "Web.Test", "test\Web.Test\Web.Test.csproj", "{85B7C6A1-9901-4CB4-BCE9-D60F9C257737}"
EndProject
Project("{9A19103F-16F7-4668-BE54-9A1E7A4F7556}") = "Commons.Test", "test\Commons.Test\Commons.Test.csproj", "{14C3076E-B624-4F3B-A4A6-D091577937A1}"
EndProject
Project("{2150E333-8FDC-42A3-9474-1A3956D46DE8}") = "CI", "CI", "{86CDB147-0DAF-4493-BAAA-277D13A85DB8}"
	ProjectSection(SolutionItems) = preProject
		Directory.Build.props = Directory.Build.props
		.github\workflows\docs.yml = .github\workflows\docs.yml
		.github\workflows\dotnet.yml = .github\workflows\dotnet.yml
		.github\workflows\nuget.yml = .github\workflows\nuget.yml
		README.NuGet.md = README.NuGet.md
		README.md = README.md
		.gitignore = .gitignore
	EndProjectSection
EndProject
Project("{9A19103F-16F7-4668-BE54-9A1E7A4F7556}") = "WebEntryPoint", "example\WebEntryPoint\WebEntryPoint.csproj", "{E3224095-1C9D-4248-BE8E-7ACFB9D34352}"
EndProject
Project("{2150E333-8FDC-42A3-9474-1A3956D46DE8}") = "AppSettings", "AppSettings", "{BF9BF48F-98C7-465F-B01E-DC839641EA7A}"
	ProjectSection(SolutionItems) = preProject
		appsettings.json = appsettings.json
	EndProjectSection
EndProject
Project("{9A19103F-16F7-4668-BE54-9A1E7A4F7556}") = "MongoDB", "src\Plugins\MongoDB\MongoDB.csproj", "{F3309B09-66B6-41DC-9624-DE50F6600CF1}"
EndProject
Project("{2150E333-8FDC-42A3-9474-1A3956D46DE8}") = "Plugins", "Plugins", "{98258DC9-8941-48AA-A5B8-4266CE09AA59}"
EndProject
Project("{9A19103F-16F7-4668-BE54-9A1E7A4F7556}") = "Brasil", "src\Plugins\Brasil\Brasil.csproj", "{62CAAFCD-1856-417A-A23F-92A332B67236}"
EndProject
Project("{9A19103F-16F7-4668-BE54-9A1E7A4F7556}") = "WebApi.Test", "test\WebApi.Test\WebApi.Test.csproj", "{13EC3E0B-2540-4210-B816-26F57865891B}"
EndProject
Project("{2150E333-8FDC-42A3-9474-1A3956D46DE8}") = "ConsoleApps", "ConsoleApps", "{8799DF37-58EB-4B95-A558-DD3D5EDD247A}"
EndProject
Project("{9A19103F-16F7-4668-BE54-9A1E7A4F7556}") = "Web", "src\Web\Web.csproj", "{9AB820A2-9B68-43B2-B857-218626A7C1B1}"
EndProject
Project("{9A19103F-16F7-4668-BE54-9A1E7A4F7556}") = "WebApi", "src\WebApi\WebApi.csproj", "{1D593053-B75E-47A9-A6B3-5A51E184F18E}"
EndProject
Project("{9A19103F-16F7-4668-BE54-9A1E7A4F7556}") = "Core", "src\Core\Core.csproj", "{FBBA2BF4-DC4D-4676-AD2E-CE9F4E09B1FF}"
EndProject
Project("{9A19103F-16F7-4668-BE54-9A1E7A4F7556}") = "Brasil.Test", "test\Plugins\Brasil\Brasil.Test\Brasil.Test.csproj", "{475FAD96-EB34-4761-B551-8DC0100A592A}"
EndProject
Project("{FAE04EC0-301F-11D3-BF4B-00C04F79EFBC}") = "SchemaGenerator", "src\ConsoleApps\SchemaGenerator\SchemaGenerator.csproj", "{29388C67-8C15-4EAE-836C-15BA812846F7}"
EndProject
Project("{FAE04EC0-301F-11D3-BF4B-00C04F79EFBC}") = "FormElementImporter", "src\ConsoleApps\FormElementImporter\FormElementImporter.csproj", "{8FB84AE3-4FBC-492F-B3BE-4B7000CEDFE1}"
EndProject
Project("{FAE04EC0-301F-11D3-BF4B-00C04F79EFBC}") = "LegacyMetadataMigrator", "src\ConsoleApps\LegacyMetadataMigrator\LegacyMetadataMigrator.csproj", "{5325D0BE-1C2F-4A5E-8A30-8A443DE17C53}"
EndProject
Global
	GlobalSection(SolutionConfigurationPlatforms) = preSolution
		Debug|Any CPU = Debug|Any CPU
		Debug|x64 = Debug|x64
		Debug|x86 = Debug|x86
		Release|Any CPU = Release|Any CPU
		Release|x64 = Release|x64
		Release|x86 = Release|x86
	EndGlobalSection
	GlobalSection(ProjectConfigurationPlatforms) = postSolution
		{1E907B0C-F2D3-4293-A621-5A2E8CEBEB16}.Debug|Any CPU.ActiveCfg = Debug|Any CPU
		{1E907B0C-F2D3-4293-A621-5A2E8CEBEB16}.Debug|Any CPU.Build.0 = Debug|Any CPU
		{1E907B0C-F2D3-4293-A621-5A2E8CEBEB16}.Debug|x64.ActiveCfg = Debug|Any CPU
		{1E907B0C-F2D3-4293-A621-5A2E8CEBEB16}.Debug|x64.Build.0 = Debug|Any CPU
		{1E907B0C-F2D3-4293-A621-5A2E8CEBEB16}.Debug|x86.ActiveCfg = Debug|Any CPU
		{1E907B0C-F2D3-4293-A621-5A2E8CEBEB16}.Debug|x86.Build.0 = Debug|Any CPU
		{1E907B0C-F2D3-4293-A621-5A2E8CEBEB16}.Release|Any CPU.ActiveCfg = Release|Any CPU
		{1E907B0C-F2D3-4293-A621-5A2E8CEBEB16}.Release|Any CPU.Build.0 = Release|Any CPU
		{1E907B0C-F2D3-4293-A621-5A2E8CEBEB16}.Release|x64.ActiveCfg = Release|Any CPU
		{1E907B0C-F2D3-4293-A621-5A2E8CEBEB16}.Release|x64.Build.0 = Release|Any CPU
		{1E907B0C-F2D3-4293-A621-5A2E8CEBEB16}.Release|x86.ActiveCfg = Release|Any CPU
		{1E907B0C-F2D3-4293-A621-5A2E8CEBEB16}.Release|x86.Build.0 = Release|Any CPU
		{B564D529-DA46-4713-ACA5-BB7F6B9B32D9}.Debug|Any CPU.ActiveCfg = Debug|Any CPU
		{B564D529-DA46-4713-ACA5-BB7F6B9B32D9}.Debug|Any CPU.Build.0 = Debug|Any CPU
		{B564D529-DA46-4713-ACA5-BB7F6B9B32D9}.Debug|x64.ActiveCfg = Debug|Any CPU
		{B564D529-DA46-4713-ACA5-BB7F6B9B32D9}.Debug|x64.Build.0 = Debug|Any CPU
		{B564D529-DA46-4713-ACA5-BB7F6B9B32D9}.Debug|x86.ActiveCfg = Debug|Any CPU
		{B564D529-DA46-4713-ACA5-BB7F6B9B32D9}.Debug|x86.Build.0 = Debug|Any CPU
		{B564D529-DA46-4713-ACA5-BB7F6B9B32D9}.Release|Any CPU.ActiveCfg = Release|Any CPU
		{B564D529-DA46-4713-ACA5-BB7F6B9B32D9}.Release|Any CPU.Build.0 = Release|Any CPU
		{B564D529-DA46-4713-ACA5-BB7F6B9B32D9}.Release|x64.ActiveCfg = Release|Any CPU
		{B564D529-DA46-4713-ACA5-BB7F6B9B32D9}.Release|x64.Build.0 = Release|Any CPU
		{B564D529-DA46-4713-ACA5-BB7F6B9B32D9}.Release|x86.ActiveCfg = Release|Any CPU
		{B564D529-DA46-4713-ACA5-BB7F6B9B32D9}.Release|x86.Build.0 = Release|Any CPU
		{3E777E1F-A8C0-4175-9694-FE27E549E814}.Debug|Any CPU.ActiveCfg = Debug|Any CPU
		{3E777E1F-A8C0-4175-9694-FE27E549E814}.Debug|Any CPU.Build.0 = Debug|Any CPU
		{3E777E1F-A8C0-4175-9694-FE27E549E814}.Debug|x64.ActiveCfg = Debug|Any CPU
		{3E777E1F-A8C0-4175-9694-FE27E549E814}.Debug|x64.Build.0 = Debug|Any CPU
		{3E777E1F-A8C0-4175-9694-FE27E549E814}.Debug|x86.ActiveCfg = Debug|Any CPU
		{3E777E1F-A8C0-4175-9694-FE27E549E814}.Debug|x86.Build.0 = Debug|Any CPU
		{3E777E1F-A8C0-4175-9694-FE27E549E814}.Release|Any CPU.ActiveCfg = Release|Any CPU
		{3E777E1F-A8C0-4175-9694-FE27E549E814}.Release|Any CPU.Build.0 = Release|Any CPU
		{3E777E1F-A8C0-4175-9694-FE27E549E814}.Release|x64.ActiveCfg = Release|Any CPU
		{3E777E1F-A8C0-4175-9694-FE27E549E814}.Release|x64.Build.0 = Release|Any CPU
		{3E777E1F-A8C0-4175-9694-FE27E549E814}.Release|x86.ActiveCfg = Release|Any CPU
		{3E777E1F-A8C0-4175-9694-FE27E549E814}.Release|x86.Build.0 = Release|Any CPU
		{2D0EDA9F-4441-4A78-BC41-CE2C5F1636AA}.Debug|Any CPU.ActiveCfg = Debug|Any CPU
		{2D0EDA9F-4441-4A78-BC41-CE2C5F1636AA}.Debug|Any CPU.Build.0 = Debug|Any CPU
		{2D0EDA9F-4441-4A78-BC41-CE2C5F1636AA}.Debug|x64.ActiveCfg = Debug|Any CPU
		{2D0EDA9F-4441-4A78-BC41-CE2C5F1636AA}.Debug|x64.Build.0 = Debug|Any CPU
		{2D0EDA9F-4441-4A78-BC41-CE2C5F1636AA}.Debug|x86.ActiveCfg = Debug|Any CPU
		{2D0EDA9F-4441-4A78-BC41-CE2C5F1636AA}.Debug|x86.Build.0 = Debug|Any CPU
		{2D0EDA9F-4441-4A78-BC41-CE2C5F1636AA}.Release|Any CPU.ActiveCfg = Release|Any CPU
		{2D0EDA9F-4441-4A78-BC41-CE2C5F1636AA}.Release|Any CPU.Build.0 = Release|Any CPU
		{2D0EDA9F-4441-4A78-BC41-CE2C5F1636AA}.Release|x64.ActiveCfg = Release|Any CPU
		{2D0EDA9F-4441-4A78-BC41-CE2C5F1636AA}.Release|x64.Build.0 = Release|Any CPU
		{2D0EDA9F-4441-4A78-BC41-CE2C5F1636AA}.Release|x86.ActiveCfg = Release|Any CPU
		{2D0EDA9F-4441-4A78-BC41-CE2C5F1636AA}.Release|x86.Build.0 = Release|Any CPU
		{67156B18-90A7-4302-9AA0-920814E24F1B}.Debug|Any CPU.ActiveCfg = Debug|Any CPU
		{67156B18-90A7-4302-9AA0-920814E24F1B}.Debug|Any CPU.Build.0 = Debug|Any CPU
		{67156B18-90A7-4302-9AA0-920814E24F1B}.Debug|x64.ActiveCfg = Debug|Any CPU
		{67156B18-90A7-4302-9AA0-920814E24F1B}.Debug|x64.Build.0 = Debug|Any CPU
		{67156B18-90A7-4302-9AA0-920814E24F1B}.Debug|x86.ActiveCfg = Debug|Any CPU
		{67156B18-90A7-4302-9AA0-920814E24F1B}.Debug|x86.Build.0 = Debug|Any CPU
		{67156B18-90A7-4302-9AA0-920814E24F1B}.Release|Any CPU.ActiveCfg = Release|Any CPU
		{67156B18-90A7-4302-9AA0-920814E24F1B}.Release|Any CPU.Build.0 = Release|Any CPU
		{67156B18-90A7-4302-9AA0-920814E24F1B}.Release|x64.ActiveCfg = Release|Any CPU
		{67156B18-90A7-4302-9AA0-920814E24F1B}.Release|x64.Build.0 = Release|Any CPU
		{67156B18-90A7-4302-9AA0-920814E24F1B}.Release|x86.ActiveCfg = Release|Any CPU
		{67156B18-90A7-4302-9AA0-920814E24F1B}.Release|x86.Build.0 = Release|Any CPU
		{DE91439F-D233-439C-9B10-3261DBA9E760}.Debug|Any CPU.ActiveCfg = Debug|Any CPU
		{DE91439F-D233-439C-9B10-3261DBA9E760}.Debug|Any CPU.Build.0 = Debug|Any CPU
		{DE91439F-D233-439C-9B10-3261DBA9E760}.Debug|x64.ActiveCfg = Debug|Any CPU
		{DE91439F-D233-439C-9B10-3261DBA9E760}.Debug|x64.Build.0 = Debug|Any CPU
		{DE91439F-D233-439C-9B10-3261DBA9E760}.Debug|x86.ActiveCfg = Debug|Any CPU
		{DE91439F-D233-439C-9B10-3261DBA9E760}.Debug|x86.Build.0 = Debug|Any CPU
		{DE91439F-D233-439C-9B10-3261DBA9E760}.Release|Any CPU.ActiveCfg = Release|Any CPU
		{DE91439F-D233-439C-9B10-3261DBA9E760}.Release|Any CPU.Build.0 = Release|Any CPU
		{DE91439F-D233-439C-9B10-3261DBA9E760}.Release|x64.ActiveCfg = Release|Any CPU
		{DE91439F-D233-439C-9B10-3261DBA9E760}.Release|x64.Build.0 = Release|Any CPU
		{DE91439F-D233-439C-9B10-3261DBA9E760}.Release|x86.ActiveCfg = Release|Any CPU
		{DE91439F-D233-439C-9B10-3261DBA9E760}.Release|x86.Build.0 = Release|Any CPU
		{40C11852-04ED-413B-9FED-C9666D62B0A2}.Debug|Any CPU.ActiveCfg = Debug|Any CPU
		{40C11852-04ED-413B-9FED-C9666D62B0A2}.Debug|Any CPU.Build.0 = Debug|Any CPU
		{40C11852-04ED-413B-9FED-C9666D62B0A2}.Debug|x64.ActiveCfg = Debug|Any CPU
		{40C11852-04ED-413B-9FED-C9666D62B0A2}.Debug|x64.Build.0 = Debug|Any CPU
		{40C11852-04ED-413B-9FED-C9666D62B0A2}.Debug|x86.ActiveCfg = Debug|Any CPU
		{40C11852-04ED-413B-9FED-C9666D62B0A2}.Debug|x86.Build.0 = Debug|Any CPU
		{40C11852-04ED-413B-9FED-C9666D62B0A2}.Release|Any CPU.ActiveCfg = Release|Any CPU
		{40C11852-04ED-413B-9FED-C9666D62B0A2}.Release|Any CPU.Build.0 = Release|Any CPU
		{40C11852-04ED-413B-9FED-C9666D62B0A2}.Release|x64.ActiveCfg = Release|Any CPU
		{40C11852-04ED-413B-9FED-C9666D62B0A2}.Release|x64.Build.0 = Release|Any CPU
		{40C11852-04ED-413B-9FED-C9666D62B0A2}.Release|x86.ActiveCfg = Release|Any CPU
		{40C11852-04ED-413B-9FED-C9666D62B0A2}.Release|x86.Build.0 = Release|Any CPU
		{CAB8385E-033D-4D3B-A7F2-6F024AAB8527}.Debug|Any CPU.ActiveCfg = Debug|Any CPU
		{CAB8385E-033D-4D3B-A7F2-6F024AAB8527}.Debug|Any CPU.Build.0 = Debug|Any CPU
		{CAB8385E-033D-4D3B-A7F2-6F024AAB8527}.Debug|x64.ActiveCfg = Debug|Any CPU
		{CAB8385E-033D-4D3B-A7F2-6F024AAB8527}.Debug|x64.Build.0 = Debug|Any CPU
		{CAB8385E-033D-4D3B-A7F2-6F024AAB8527}.Debug|x86.ActiveCfg = Debug|Any CPU
		{CAB8385E-033D-4D3B-A7F2-6F024AAB8527}.Debug|x86.Build.0 = Debug|Any CPU
		{CAB8385E-033D-4D3B-A7F2-6F024AAB8527}.Release|Any CPU.ActiveCfg = Release|Any CPU
		{CAB8385E-033D-4D3B-A7F2-6F024AAB8527}.Release|Any CPU.Build.0 = Release|Any CPU
		{CAB8385E-033D-4D3B-A7F2-6F024AAB8527}.Release|x64.ActiveCfg = Release|Any CPU
		{CAB8385E-033D-4D3B-A7F2-6F024AAB8527}.Release|x64.Build.0 = Release|Any CPU
		{CAB8385E-033D-4D3B-A7F2-6F024AAB8527}.Release|x86.ActiveCfg = Release|Any CPU
		{CAB8385E-033D-4D3B-A7F2-6F024AAB8527}.Release|x86.Build.0 = Release|Any CPU
		{85B7C6A1-9901-4CB4-BCE9-D60F9C257737}.Debug|Any CPU.ActiveCfg = Debug|Any CPU
		{85B7C6A1-9901-4CB4-BCE9-D60F9C257737}.Debug|Any CPU.Build.0 = Debug|Any CPU
		{85B7C6A1-9901-4CB4-BCE9-D60F9C257737}.Debug|x64.ActiveCfg = Debug|Any CPU
		{85B7C6A1-9901-4CB4-BCE9-D60F9C257737}.Debug|x64.Build.0 = Debug|Any CPU
		{85B7C6A1-9901-4CB4-BCE9-D60F9C257737}.Debug|x86.ActiveCfg = Debug|Any CPU
		{85B7C6A1-9901-4CB4-BCE9-D60F9C257737}.Debug|x86.Build.0 = Debug|Any CPU
		{85B7C6A1-9901-4CB4-BCE9-D60F9C257737}.Release|Any CPU.ActiveCfg = Release|Any CPU
		{85B7C6A1-9901-4CB4-BCE9-D60F9C257737}.Release|Any CPU.Build.0 = Release|Any CPU
		{85B7C6A1-9901-4CB4-BCE9-D60F9C257737}.Release|x64.ActiveCfg = Release|Any CPU
		{85B7C6A1-9901-4CB4-BCE9-D60F9C257737}.Release|x64.Build.0 = Release|Any CPU
		{85B7C6A1-9901-4CB4-BCE9-D60F9C257737}.Release|x86.ActiveCfg = Release|Any CPU
		{85B7C6A1-9901-4CB4-BCE9-D60F9C257737}.Release|x86.Build.0 = Release|Any CPU
		{14C3076E-B624-4F3B-A4A6-D091577937A1}.Debug|Any CPU.ActiveCfg = Debug|Any CPU
		{14C3076E-B624-4F3B-A4A6-D091577937A1}.Debug|Any CPU.Build.0 = Debug|Any CPU
		{14C3076E-B624-4F3B-A4A6-D091577937A1}.Debug|x64.ActiveCfg = Debug|Any CPU
		{14C3076E-B624-4F3B-A4A6-D091577937A1}.Debug|x64.Build.0 = Debug|Any CPU
		{14C3076E-B624-4F3B-A4A6-D091577937A1}.Debug|x86.ActiveCfg = Debug|Any CPU
		{14C3076E-B624-4F3B-A4A6-D091577937A1}.Debug|x86.Build.0 = Debug|Any CPU
		{14C3076E-B624-4F3B-A4A6-D091577937A1}.Release|Any CPU.ActiveCfg = Release|Any CPU
		{14C3076E-B624-4F3B-A4A6-D091577937A1}.Release|Any CPU.Build.0 = Release|Any CPU
		{14C3076E-B624-4F3B-A4A6-D091577937A1}.Release|x64.ActiveCfg = Release|Any CPU
		{14C3076E-B624-4F3B-A4A6-D091577937A1}.Release|x64.Build.0 = Release|Any CPU
		{14C3076E-B624-4F3B-A4A6-D091577937A1}.Release|x86.ActiveCfg = Release|Any CPU
		{14C3076E-B624-4F3B-A4A6-D091577937A1}.Release|x86.Build.0 = Release|Any CPU
		{E3224095-1C9D-4248-BE8E-7ACFB9D34352}.Debug|Any CPU.ActiveCfg = Debug|Any CPU
		{E3224095-1C9D-4248-BE8E-7ACFB9D34352}.Debug|Any CPU.Build.0 = Debug|Any CPU
		{E3224095-1C9D-4248-BE8E-7ACFB9D34352}.Debug|x64.ActiveCfg = Debug|Any CPU
		{E3224095-1C9D-4248-BE8E-7ACFB9D34352}.Debug|x64.Build.0 = Debug|Any CPU
		{E3224095-1C9D-4248-BE8E-7ACFB9D34352}.Debug|x86.ActiveCfg = Debug|Any CPU
		{E3224095-1C9D-4248-BE8E-7ACFB9D34352}.Debug|x86.Build.0 = Debug|Any CPU
		{E3224095-1C9D-4248-BE8E-7ACFB9D34352}.Release|Any CPU.ActiveCfg = Release|Any CPU
		{E3224095-1C9D-4248-BE8E-7ACFB9D34352}.Release|Any CPU.Build.0 = Release|Any CPU
		{E3224095-1C9D-4248-BE8E-7ACFB9D34352}.Release|x64.ActiveCfg = Release|Any CPU
		{E3224095-1C9D-4248-BE8E-7ACFB9D34352}.Release|x64.Build.0 = Release|Any CPU
		{E3224095-1C9D-4248-BE8E-7ACFB9D34352}.Release|x86.ActiveCfg = Release|Any CPU
		{E3224095-1C9D-4248-BE8E-7ACFB9D34352}.Release|x86.Build.0 = Release|Any CPU
		{F3309B09-66B6-41DC-9624-DE50F6600CF1}.Debug|Any CPU.ActiveCfg = Debug|Any CPU
		{F3309B09-66B6-41DC-9624-DE50F6600CF1}.Debug|Any CPU.Build.0 = Debug|Any CPU
		{F3309B09-66B6-41DC-9624-DE50F6600CF1}.Debug|x64.ActiveCfg = Debug|Any CPU
		{F3309B09-66B6-41DC-9624-DE50F6600CF1}.Debug|x64.Build.0 = Debug|Any CPU
		{F3309B09-66B6-41DC-9624-DE50F6600CF1}.Debug|x86.ActiveCfg = Debug|Any CPU
		{F3309B09-66B6-41DC-9624-DE50F6600CF1}.Debug|x86.Build.0 = Debug|Any CPU
		{F3309B09-66B6-41DC-9624-DE50F6600CF1}.Release|Any CPU.ActiveCfg = Release|Any CPU
		{F3309B09-66B6-41DC-9624-DE50F6600CF1}.Release|Any CPU.Build.0 = Release|Any CPU
		{F3309B09-66B6-41DC-9624-DE50F6600CF1}.Release|x64.ActiveCfg = Release|Any CPU
		{F3309B09-66B6-41DC-9624-DE50F6600CF1}.Release|x64.Build.0 = Release|Any CPU
		{F3309B09-66B6-41DC-9624-DE50F6600CF1}.Release|x86.ActiveCfg = Release|Any CPU
		{F3309B09-66B6-41DC-9624-DE50F6600CF1}.Release|x86.Build.0 = Release|Any CPU
		{62CAAFCD-1856-417A-A23F-92A332B67236}.Debug|Any CPU.ActiveCfg = Debug|Any CPU
		{62CAAFCD-1856-417A-A23F-92A332B67236}.Debug|Any CPU.Build.0 = Debug|Any CPU
		{62CAAFCD-1856-417A-A23F-92A332B67236}.Debug|x64.ActiveCfg = Debug|Any CPU
		{62CAAFCD-1856-417A-A23F-92A332B67236}.Debug|x64.Build.0 = Debug|Any CPU
		{62CAAFCD-1856-417A-A23F-92A332B67236}.Debug|x86.ActiveCfg = Debug|Any CPU
		{62CAAFCD-1856-417A-A23F-92A332B67236}.Debug|x86.Build.0 = Debug|Any CPU
		{62CAAFCD-1856-417A-A23F-92A332B67236}.Release|Any CPU.ActiveCfg = Release|Any CPU
		{62CAAFCD-1856-417A-A23F-92A332B67236}.Release|Any CPU.Build.0 = Release|Any CPU
		{62CAAFCD-1856-417A-A23F-92A332B67236}.Release|x64.ActiveCfg = Release|Any CPU
		{62CAAFCD-1856-417A-A23F-92A332B67236}.Release|x64.Build.0 = Release|Any CPU
		{62CAAFCD-1856-417A-A23F-92A332B67236}.Release|x86.ActiveCfg = Release|Any CPU
		{62CAAFCD-1856-417A-A23F-92A332B67236}.Release|x86.Build.0 = Release|Any CPU
		{13EC3E0B-2540-4210-B816-26F57865891B}.Debug|Any CPU.ActiveCfg = Debug|Any CPU
		{13EC3E0B-2540-4210-B816-26F57865891B}.Debug|Any CPU.Build.0 = Debug|Any CPU
		{13EC3E0B-2540-4210-B816-26F57865891B}.Debug|x64.ActiveCfg = Debug|Any CPU
		{13EC3E0B-2540-4210-B816-26F57865891B}.Debug|x64.Build.0 = Debug|Any CPU
		{13EC3E0B-2540-4210-B816-26F57865891B}.Debug|x86.ActiveCfg = Debug|Any CPU
		{13EC3E0B-2540-4210-B816-26F57865891B}.Debug|x86.Build.0 = Debug|Any CPU
		{13EC3E0B-2540-4210-B816-26F57865891B}.Release|Any CPU.ActiveCfg = Release|Any CPU
		{13EC3E0B-2540-4210-B816-26F57865891B}.Release|Any CPU.Build.0 = Release|Any CPU
		{13EC3E0B-2540-4210-B816-26F57865891B}.Release|x64.ActiveCfg = Release|Any CPU
		{13EC3E0B-2540-4210-B816-26F57865891B}.Release|x64.Build.0 = Release|Any CPU
		{13EC3E0B-2540-4210-B816-26F57865891B}.Release|x86.ActiveCfg = Release|Any CPU
		{13EC3E0B-2540-4210-B816-26F57865891B}.Release|x86.Build.0 = Release|Any CPU
		{9AB820A2-9B68-43B2-B857-218626A7C1B1}.Debug|Any CPU.ActiveCfg = Debug|Any CPU
		{9AB820A2-9B68-43B2-B857-218626A7C1B1}.Debug|Any CPU.Build.0 = Debug|Any CPU
		{9AB820A2-9B68-43B2-B857-218626A7C1B1}.Debug|x64.ActiveCfg = Debug|Any CPU
		{9AB820A2-9B68-43B2-B857-218626A7C1B1}.Debug|x64.Build.0 = Debug|Any CPU
		{9AB820A2-9B68-43B2-B857-218626A7C1B1}.Debug|x86.ActiveCfg = Debug|Any CPU
		{9AB820A2-9B68-43B2-B857-218626A7C1B1}.Debug|x86.Build.0 = Debug|Any CPU
		{9AB820A2-9B68-43B2-B857-218626A7C1B1}.Release|Any CPU.ActiveCfg = Release|Any CPU
		{9AB820A2-9B68-43B2-B857-218626A7C1B1}.Release|Any CPU.Build.0 = Release|Any CPU
		{9AB820A2-9B68-43B2-B857-218626A7C1B1}.Release|x64.ActiveCfg = Release|Any CPU
		{9AB820A2-9B68-43B2-B857-218626A7C1B1}.Release|x64.Build.0 = Release|Any CPU
		{9AB820A2-9B68-43B2-B857-218626A7C1B1}.Release|x86.ActiveCfg = Release|Any CPU
		{9AB820A2-9B68-43B2-B857-218626A7C1B1}.Release|x86.Build.0 = Release|Any CPU
		{1D593053-B75E-47A9-A6B3-5A51E184F18E}.Debug|Any CPU.ActiveCfg = Debug|Any CPU
		{1D593053-B75E-47A9-A6B3-5A51E184F18E}.Debug|Any CPU.Build.0 = Debug|Any CPU
		{1D593053-B75E-47A9-A6B3-5A51E184F18E}.Debug|x64.ActiveCfg = Debug|Any CPU
		{1D593053-B75E-47A9-A6B3-5A51E184F18E}.Debug|x64.Build.0 = Debug|Any CPU
		{1D593053-B75E-47A9-A6B3-5A51E184F18E}.Debug|x86.ActiveCfg = Debug|Any CPU
		{1D593053-B75E-47A9-A6B3-5A51E184F18E}.Debug|x86.Build.0 = Debug|Any CPU
		{1D593053-B75E-47A9-A6B3-5A51E184F18E}.Release|Any CPU.ActiveCfg = Release|Any CPU
		{1D593053-B75E-47A9-A6B3-5A51E184F18E}.Release|Any CPU.Build.0 = Release|Any CPU
		{1D593053-B75E-47A9-A6B3-5A51E184F18E}.Release|x64.ActiveCfg = Release|Any CPU
		{1D593053-B75E-47A9-A6B3-5A51E184F18E}.Release|x64.Build.0 = Release|Any CPU
		{1D593053-B75E-47A9-A6B3-5A51E184F18E}.Release|x86.ActiveCfg = Release|Any CPU
		{1D593053-B75E-47A9-A6B3-5A51E184F18E}.Release|x86.Build.0 = Release|Any CPU
		{FBBA2BF4-DC4D-4676-AD2E-CE9F4E09B1FF}.Debug|Any CPU.ActiveCfg = Debug|Any CPU
		{FBBA2BF4-DC4D-4676-AD2E-CE9F4E09B1FF}.Debug|Any CPU.Build.0 = Debug|Any CPU
		{FBBA2BF4-DC4D-4676-AD2E-CE9F4E09B1FF}.Debug|x64.ActiveCfg = Debug|Any CPU
		{FBBA2BF4-DC4D-4676-AD2E-CE9F4E09B1FF}.Debug|x64.Build.0 = Debug|Any CPU
		{FBBA2BF4-DC4D-4676-AD2E-CE9F4E09B1FF}.Debug|x86.ActiveCfg = Debug|Any CPU
		{FBBA2BF4-DC4D-4676-AD2E-CE9F4E09B1FF}.Debug|x86.Build.0 = Debug|Any CPU
		{FBBA2BF4-DC4D-4676-AD2E-CE9F4E09B1FF}.Release|Any CPU.ActiveCfg = Release|Any CPU
		{FBBA2BF4-DC4D-4676-AD2E-CE9F4E09B1FF}.Release|Any CPU.Build.0 = Release|Any CPU
		{FBBA2BF4-DC4D-4676-AD2E-CE9F4E09B1FF}.Release|x64.ActiveCfg = Release|Any CPU
		{FBBA2BF4-DC4D-4676-AD2E-CE9F4E09B1FF}.Release|x64.Build.0 = Release|Any CPU
		{FBBA2BF4-DC4D-4676-AD2E-CE9F4E09B1FF}.Release|x86.ActiveCfg = Release|Any CPU
		{FBBA2BF4-DC4D-4676-AD2E-CE9F4E09B1FF}.Release|x86.Build.0 = Release|Any CPU
		{475FAD96-EB34-4761-B551-8DC0100A592A}.Debug|Any CPU.ActiveCfg = Debug|Any CPU
		{475FAD96-EB34-4761-B551-8DC0100A592A}.Debug|Any CPU.Build.0 = Debug|Any CPU
		{475FAD96-EB34-4761-B551-8DC0100A592A}.Debug|x64.ActiveCfg = Debug|Any CPU
		{475FAD96-EB34-4761-B551-8DC0100A592A}.Debug|x64.Build.0 = Debug|Any CPU
		{475FAD96-EB34-4761-B551-8DC0100A592A}.Debug|x86.ActiveCfg = Debug|Any CPU
		{475FAD96-EB34-4761-B551-8DC0100A592A}.Debug|x86.Build.0 = Debug|Any CPU
		{475FAD96-EB34-4761-B551-8DC0100A592A}.Release|Any CPU.ActiveCfg = Release|Any CPU
		{475FAD96-EB34-4761-B551-8DC0100A592A}.Release|Any CPU.Build.0 = Release|Any CPU
		{475FAD96-EB34-4761-B551-8DC0100A592A}.Release|x64.ActiveCfg = Release|Any CPU
		{475FAD96-EB34-4761-B551-8DC0100A592A}.Release|x64.Build.0 = Release|Any CPU
		{475FAD96-EB34-4761-B551-8DC0100A592A}.Release|x86.ActiveCfg = Release|Any CPU
		{475FAD96-EB34-4761-B551-8DC0100A592A}.Release|x86.Build.0 = Release|Any CPU
		{29388C67-8C15-4EAE-836C-15BA812846F7}.Debug|Any CPU.ActiveCfg = Debug|Any CPU
		{29388C67-8C15-4EAE-836C-15BA812846F7}.Debug|Any CPU.Build.0 = Debug|Any CPU
		{29388C67-8C15-4EAE-836C-15BA812846F7}.Debug|x64.ActiveCfg = Debug|Any CPU
		{29388C67-8C15-4EAE-836C-15BA812846F7}.Debug|x64.Build.0 = Debug|Any CPU
		{29388C67-8C15-4EAE-836C-15BA812846F7}.Debug|x86.ActiveCfg = Debug|Any CPU
		{29388C67-8C15-4EAE-836C-15BA812846F7}.Debug|x86.Build.0 = Debug|Any CPU
		{29388C67-8C15-4EAE-836C-15BA812846F7}.Release|Any CPU.ActiveCfg = Release|Any CPU
		{29388C67-8C15-4EAE-836C-15BA812846F7}.Release|Any CPU.Build.0 = Release|Any CPU
		{29388C67-8C15-4EAE-836C-15BA812846F7}.Release|x64.ActiveCfg = Release|Any CPU
		{29388C67-8C15-4EAE-836C-15BA812846F7}.Release|x64.Build.0 = Release|Any CPU
		{29388C67-8C15-4EAE-836C-15BA812846F7}.Release|x86.ActiveCfg = Release|Any CPU
		{29388C67-8C15-4EAE-836C-15BA812846F7}.Release|x86.Build.0 = Release|Any CPU
		{8FB84AE3-4FBC-492F-B3BE-4B7000CEDFE1}.Debug|Any CPU.ActiveCfg = Debug|Any CPU
		{8FB84AE3-4FBC-492F-B3BE-4B7000CEDFE1}.Debug|Any CPU.Build.0 = Debug|Any CPU
		{8FB84AE3-4FBC-492F-B3BE-4B7000CEDFE1}.Debug|x64.ActiveCfg = Debug|Any CPU
		{8FB84AE3-4FBC-492F-B3BE-4B7000CEDFE1}.Debug|x64.Build.0 = Debug|Any CPU
		{8FB84AE3-4FBC-492F-B3BE-4B7000CEDFE1}.Debug|x86.ActiveCfg = Debug|Any CPU
		{8FB84AE3-4FBC-492F-B3BE-4B7000CEDFE1}.Debug|x86.Build.0 = Debug|Any CPU
		{8FB84AE3-4FBC-492F-B3BE-4B7000CEDFE1}.Release|Any CPU.ActiveCfg = Release|Any CPU
		{8FB84AE3-4FBC-492F-B3BE-4B7000CEDFE1}.Release|Any CPU.Build.0 = Release|Any CPU
		{8FB84AE3-4FBC-492F-B3BE-4B7000CEDFE1}.Release|x64.ActiveCfg = Release|Any CPU
		{8FB84AE3-4FBC-492F-B3BE-4B7000CEDFE1}.Release|x64.Build.0 = Release|Any CPU
		{8FB84AE3-4FBC-492F-B3BE-4B7000CEDFE1}.Release|x86.ActiveCfg = Release|Any CPU
		{8FB84AE3-4FBC-492F-B3BE-4B7000CEDFE1}.Release|x86.Build.0 = Release|Any CPU
		{5325D0BE-1C2F-4A5E-8A30-8A443DE17C53}.Debug|Any CPU.ActiveCfg = Debug|Any CPU
		{5325D0BE-1C2F-4A5E-8A30-8A443DE17C53}.Debug|Any CPU.Build.0 = Debug|Any CPU
		{5325D0BE-1C2F-4A5E-8A30-8A443DE17C53}.Debug|x64.ActiveCfg = Debug|Any CPU
		{5325D0BE-1C2F-4A5E-8A30-8A443DE17C53}.Debug|x64.Build.0 = Debug|Any CPU
		{5325D0BE-1C2F-4A5E-8A30-8A443DE17C53}.Debug|x86.ActiveCfg = Debug|Any CPU
		{5325D0BE-1C2F-4A5E-8A30-8A443DE17C53}.Debug|x86.Build.0 = Debug|Any CPU
		{5325D0BE-1C2F-4A5E-8A30-8A443DE17C53}.Release|Any CPU.ActiveCfg = Release|Any CPU
		{5325D0BE-1C2F-4A5E-8A30-8A443DE17C53}.Release|Any CPU.Build.0 = Release|Any CPU
		{5325D0BE-1C2F-4A5E-8A30-8A443DE17C53}.Release|x64.ActiveCfg = Release|Any CPU
		{5325D0BE-1C2F-4A5E-8A30-8A443DE17C53}.Release|x64.Build.0 = Release|Any CPU
		{5325D0BE-1C2F-4A5E-8A30-8A443DE17C53}.Release|x86.ActiveCfg = Release|Any CPU
		{5325D0BE-1C2F-4A5E-8A30-8A443DE17C53}.Release|x86.Build.0 = Release|Any CPU
	EndGlobalSection
	GlobalSection(SolutionProperties) = preSolution
		HideSolutionNode = FALSE
	EndGlobalSection
	GlobalSection(NestedProjects) = preSolution
		{B564D529-DA46-4713-ACA5-BB7F6B9B32D9} = {2A275D42-9681-495E-80B8-D0529680DED7}
		{3E777E1F-A8C0-4175-9694-FE27E549E814} = {59427CF1-D6B7-4779-9E62-4717C5763762}
		{2D0EDA9F-4441-4A78-BC41-CE2C5F1636AA} = {59427CF1-D6B7-4779-9E62-4717C5763762}
		{67156B18-90A7-4302-9AA0-920814E24F1B} = {CD6DDE10-3DC3-4D42-BA45-9999E995F39A}
		{DE91439F-D233-439C-9B10-3261DBA9E760} = {CD6DDE10-3DC3-4D42-BA45-9999E995F39A}
		{CD6DDE10-3DC3-4D42-BA45-9999E995F39A} = {59427CF1-D6B7-4779-9E62-4717C5763762}
		{40C11852-04ED-413B-9FED-C9666D62B0A2} = {59427CF1-D6B7-4779-9E62-4717C5763762}
		{CAB8385E-033D-4D3B-A7F2-6F024AAB8527} = {6DF8173F-DE7A-4110-B192-856C0CD48D37}
		{85B7C6A1-9901-4CB4-BCE9-D60F9C257737} = {6DF8173F-DE7A-4110-B192-856C0CD48D37}
		{14C3076E-B624-4F3B-A4A6-D091577937A1} = {6DF8173F-DE7A-4110-B192-856C0CD48D37}
		{F3309B09-66B6-41DC-9624-DE50F6600CF1} = {59427CF1-D6B7-4779-9E62-4717C5763762}
		{98258DC9-8941-48AA-A5B8-4266CE09AA59} = {6DF8173F-DE7A-4110-B192-856C0CD48D37}
		{62CAAFCD-1856-417A-A23F-92A332B67236} = {59427CF1-D6B7-4779-9E62-4717C5763762}
		{13EC3E0B-2540-4210-B816-26F57865891B} = {6DF8173F-DE7A-4110-B192-856C0CD48D37}
		{475FAD96-EB34-4761-B551-8DC0100A592A} = {98258DC9-8941-48AA-A5B8-4266CE09AA59}
		{29388C67-8C15-4EAE-836C-15BA812846F7} = {8799DF37-58EB-4B95-A558-DD3D5EDD247A}
		{8FB84AE3-4FBC-492F-B3BE-4B7000CEDFE1} = {8799DF37-58EB-4B95-A558-DD3D5EDD247A}
		{5325D0BE-1C2F-4A5E-8A30-8A443DE17C53} = {8799DF37-58EB-4B95-A558-DD3D5EDD247A}
	EndGlobalSection
	GlobalSection(ExtensibilityGlobals) = postSolution
		SolutionGuid = {BCB34875-DB5E-4444-99BA-3C362F8EF1BB}
	EndGlobalSection
EndGlobal
