
Microsoft Visual Studio Solution File, Format Version 12.00
# Visual Studio Version 17
VisualStudioVersion = 17.0.31919.166
MinimumVisualStudioVersion = 10.0.40219.1
Project("{9A19103F-16F7-4668-BE54-9A1E7A4F7556}") = "JJMasterData.Core", "src\JJMasterData.Core\JJMasterData.Core.csproj", "{9D34A26C-47C9-4331-A68E-95D6BD7DD81B}"
EndProject
Project("{9A19103F-16F7-4668-BE54-9A1E7A4F7556}") = "JJMasterData.Commons", "src\JJMasterData.Commons\JJMasterData.Commons.csproj", "{1E907B0C-F2D3-4293-A621-5A2E8CEBEB16}"
EndProject
Project("{9A19103F-16F7-4668-BE54-9A1E7A4F7556}") = "JJMasterData.Documentation", "doc\JJMasterData.Documentation\JJMasterData.Documentation.csproj", "{B564D529-DA46-4713-ACA5-BB7F6B9B32D9}"
EndProject
Project("{9A19103F-16F7-4668-BE54-9A1E7A4F7556}") = "JJMasterData.Api", "src\JJMasterData.Api\JJMasterData.Api.csproj", "{E1A64E1B-DA76-4974-A3B8-9737B175E629}"
EndProject
Project("{9A19103F-16F7-4668-BE54-9A1E7A4F7556}") = "JJMasterData.Swagger.AspNetCore", "src\Plugins\JJMasterData.Swagger.AspNetCore\JJMasterData.Swagger.AspNetCore.csproj", "{67156B18-90A7-4302-9AA0-920814E24F1B}"
EndProject
Project("{9A19103F-16F7-4668-BE54-9A1E7A4F7556}") = "JJMasterData.Swagger", "src\Plugins\JJMasterData.Swagger\JJMasterData.Swagger.csproj", "{DE91439F-D233-439C-9B10-3261DBA9E760}"
EndProject
Project("{2150E333-8FDC-42A3-9474-1A3956D46DE8}") = "Swagger", "Swagger", "{CD6DDE10-3DC3-4D42-BA45-9999E995F39A}"
EndProject
Project("{2150E333-8FDC-42A3-9474-1A3956D46DE8}") = "Docs", "Docs", "{2A275D42-9681-495E-80B8-D0529680DED7}"
EndProject
Project("{2150E333-8FDC-42A3-9474-1A3956D46DE8}") = "Tests", "Tests", "{6DF8173F-DE7A-4110-B192-856C0CD48D37}"
EndProject
Project("{9A19103F-16F7-4668-BE54-9A1E7A4F7556}") = "JJMasterData.Web", "src\JJMasterData.Web\JJMasterData.Web.csproj", "{BC5877C0-EEE4-4A6B-87E9-52138E2F3CD4}"
EndProject
Project("{9A19103F-16F7-4668-BE54-9A1E7A4F7556}") = "JJMasterData.Core.Test", "test\JJMasterData.Core.Test\JJMasterData.Core.Test.csproj", "{CAB8385E-033D-4D3B-A7F2-6F024AAB8527}"
EndProject
Project("{9A19103F-16F7-4668-BE54-9A1E7A4F7556}") = "JJMasterData.Web.Test", "test\JJMasterData.Web.Test\JJMasterData.Web.Test.csproj", "{85B7C6A1-9901-4CB4-BCE9-D60F9C257737}"
EndProject
Project("{9A19103F-16F7-4668-BE54-9A1E7A4F7556}") = "JJMasterData.Commons.Test", "test\JJMasterData.Commons.Test\JJMasterData.Commons.Test.csproj", "{14C3076E-B624-4F3B-A4A6-D091577937A1}"
EndProject
Project("{9A19103F-16F7-4668-BE54-9A1E7A4F7556}") = "JJMasterData.Api.Test", "test\JJMasterData.Api.Test\JJMasterData.Api.Test.csproj", "{C418E2A8-141A-45F9-B537-ABCA86FCC3F6}"
EndProject
Project("{2150E333-8FDC-42A3-9474-1A3956D46DE8}") = "CI", "CI", "{86CDB147-0DAF-4493-BAAA-277D13A85DB8}"
	ProjectSection(SolutionItems) = preProject
		.github\workflows\nuget.yml = .github\workflows\nuget.yml
	EndProjectSection
EndProject
Project("{9A19103F-16F7-4668-BE54-9A1E7A4F7556}") = "JJMasterData.Web.Example", "example\JJMasterData.Web.Example\JJMasterData.Web.Example.csproj", "{E3224095-1C9D-4248-BE8E-7ACFB9D34352}"
EndProject
Project("{2150E333-8FDC-42A3-9474-1A3956D46DE8}") = "AppSettings", "AppSettings", "{BF9BF48F-98C7-465F-B01E-DC839641EA7A}"
	ProjectSection(SolutionItems) = preProject
		appsettings.json = appsettings.json
	EndProjectSection
EndProject
Global
	GlobalSection(SolutionConfigurationPlatforms) = preSolution
		Debug|Any CPU = Debug|Any CPU
		Debug|x64 = Debug|x64
		Debug|x86 = Debug|x86
		Release|Any CPU = Release|Any CPU
		Release|x64 = Release|x64
		Release|x86 = Release|x86
	EndGlobalSection
	GlobalSection(ProjectConfigurationPlatforms) = postSolution
		{9D34A26C-47C9-4331-A68E-95D6BD7DD81B}.Debug|Any CPU.ActiveCfg = Debug|Any CPU
		{9D34A26C-47C9-4331-A68E-95D6BD7DD81B}.Debug|Any CPU.Build.0 = Debug|Any CPU
		{9D34A26C-47C9-4331-A68E-95D6BD7DD81B}.Debug|x64.ActiveCfg = Debug|Any CPU
		{9D34A26C-47C9-4331-A68E-95D6BD7DD81B}.Debug|x64.Build.0 = Debug|Any CPU
		{9D34A26C-47C9-4331-A68E-95D6BD7DD81B}.Debug|x86.ActiveCfg = Debug|Any CPU
		{9D34A26C-47C9-4331-A68E-95D6BD7DD81B}.Debug|x86.Build.0 = Debug|Any CPU
		{9D34A26C-47C9-4331-A68E-95D6BD7DD81B}.Release|Any CPU.ActiveCfg = Release|Any CPU
		{9D34A26C-47C9-4331-A68E-95D6BD7DD81B}.Release|Any CPU.Build.0 = Release|Any CPU
		{9D34A26C-47C9-4331-A68E-95D6BD7DD81B}.Release|x64.ActiveCfg = Release|Any CPU
		{9D34A26C-47C9-4331-A68E-95D6BD7DD81B}.Release|x64.Build.0 = Release|Any CPU
		{9D34A26C-47C9-4331-A68E-95D6BD7DD81B}.Release|x86.ActiveCfg = Release|Any CPU
		{9D34A26C-47C9-4331-A68E-95D6BD7DD81B}.Release|x86.Build.0 = Release|Any CPU
		{1E907B0C-F2D3-4293-A621-5A2E8CEBEB16}.Debug|Any CPU.ActiveCfg = Debug|Any CPU
		{1E907B0C-F2D3-4293-A621-5A2E8CEBEB16}.Debug|Any CPU.Build.0 = Debug|Any CPU
		{1E907B0C-F2D3-4293-A621-5A2E8CEBEB16}.Debug|x64.ActiveCfg = Debug|Any CPU
		{1E907B0C-F2D3-4293-A621-5A2E8CEBEB16}.Debug|x64.Build.0 = Debug|Any CPU
		{1E907B0C-F2D3-4293-A621-5A2E8CEBEB16}.Debug|x86.ActiveCfg = Debug|Any CPU
		{1E907B0C-F2D3-4293-A621-5A2E8CEBEB16}.Debug|x86.Build.0 = Debug|Any CPU
		{1E907B0C-F2D3-4293-A621-5A2E8CEBEB16}.Release|Any CPU.ActiveCfg = Release|Any CPU
		{1E907B0C-F2D3-4293-A621-5A2E8CEBEB16}.Release|Any CPU.Build.0 = Release|Any CPU
		{1E907B0C-F2D3-4293-A621-5A2E8CEBEB16}.Release|x64.ActiveCfg = Release|Any CPU
		{1E907B0C-F2D3-4293-A621-5A2E8CEBEB16}.Release|x64.Build.0 = Release|Any CPU
		{1E907B0C-F2D3-4293-A621-5A2E8CEBEB16}.Release|x86.ActiveCfg = Release|Any CPU
		{1E907B0C-F2D3-4293-A621-5A2E8CEBEB16}.Release|x86.Build.0 = Release|Any CPU
		{B564D529-DA46-4713-ACA5-BB7F6B9B32D9}.Debug|Any CPU.ActiveCfg = Debug|Any CPU
		{B564D529-DA46-4713-ACA5-BB7F6B9B32D9}.Debug|Any CPU.Build.0 = Debug|Any CPU
		{B564D529-DA46-4713-ACA5-BB7F6B9B32D9}.Debug|x64.ActiveCfg = Debug|Any CPU
		{B564D529-DA46-4713-ACA5-BB7F6B9B32D9}.Debug|x64.Build.0 = Debug|Any CPU
		{B564D529-DA46-4713-ACA5-BB7F6B9B32D9}.Debug|x86.ActiveCfg = Debug|Any CPU
		{B564D529-DA46-4713-ACA5-BB7F6B9B32D9}.Debug|x86.Build.0 = Debug|Any CPU
		{B564D529-DA46-4713-ACA5-BB7F6B9B32D9}.Release|Any CPU.ActiveCfg = Release|Any CPU
		{B564D529-DA46-4713-ACA5-BB7F6B9B32D9}.Release|Any CPU.Build.0 = Release|Any CPU
		{B564D529-DA46-4713-ACA5-BB7F6B9B32D9}.Release|x64.ActiveCfg = Release|Any CPU
		{B564D529-DA46-4713-ACA5-BB7F6B9B32D9}.Release|x64.Build.0 = Release|Any CPU
		{B564D529-DA46-4713-ACA5-BB7F6B9B32D9}.Release|x86.ActiveCfg = Release|Any CPU
		{B564D529-DA46-4713-ACA5-BB7F6B9B32D9}.Release|x86.Build.0 = Release|Any CPU
		{E1A64E1B-DA76-4974-A3B8-9737B175E629}.Debug|Any CPU.ActiveCfg = Debug|Any CPU
		{E1A64E1B-DA76-4974-A3B8-9737B175E629}.Debug|Any CPU.Build.0 = Debug|Any CPU
		{E1A64E1B-DA76-4974-A3B8-9737B175E629}.Debug|x64.ActiveCfg = Debug|Any CPU
		{E1A64E1B-DA76-4974-A3B8-9737B175E629}.Debug|x64.Build.0 = Debug|Any CPU
		{E1A64E1B-DA76-4974-A3B8-9737B175E629}.Debug|x86.ActiveCfg = Debug|Any CPU
		{E1A64E1B-DA76-4974-A3B8-9737B175E629}.Debug|x86.Build.0 = Debug|Any CPU
		{E1A64E1B-DA76-4974-A3B8-9737B175E629}.Release|Any CPU.ActiveCfg = Release|Any CPU
		{E1A64E1B-DA76-4974-A3B8-9737B175E629}.Release|Any CPU.Build.0 = Release|Any CPU
		{E1A64E1B-DA76-4974-A3B8-9737B175E629}.Release|x64.ActiveCfg = Release|Any CPU
		{E1A64E1B-DA76-4974-A3B8-9737B175E629}.Release|x64.Build.0 = Release|Any CPU
		{E1A64E1B-DA76-4974-A3B8-9737B175E629}.Release|x86.ActiveCfg = Release|Any CPU
		{E1A64E1B-DA76-4974-A3B8-9737B175E629}.Release|x86.Build.0 = Release|Any CPU
		{67156B18-90A7-4302-9AA0-920814E24F1B}.Debug|Any CPU.ActiveCfg = Debug|Any CPU
		{67156B18-90A7-4302-9AA0-920814E24F1B}.Debug|Any CPU.Build.0 = Debug|Any CPU
		{67156B18-90A7-4302-9AA0-920814E24F1B}.Debug|x64.ActiveCfg = Debug|Any CPU
		{67156B18-90A7-4302-9AA0-920814E24F1B}.Debug|x64.Build.0 = Debug|Any CPU
		{67156B18-90A7-4302-9AA0-920814E24F1B}.Debug|x86.ActiveCfg = Debug|Any CPU
		{67156B18-90A7-4302-9AA0-920814E24F1B}.Debug|x86.Build.0 = Debug|Any CPU
		{67156B18-90A7-4302-9AA0-920814E24F1B}.Release|Any CPU.ActiveCfg = Release|Any CPU
		{67156B18-90A7-4302-9AA0-920814E24F1B}.Release|Any CPU.Build.0 = Release|Any CPU
		{67156B18-90A7-4302-9AA0-920814E24F1B}.Release|x64.ActiveCfg = Release|Any CPU
		{67156B18-90A7-4302-9AA0-920814E24F1B}.Release|x64.Build.0 = Release|Any CPU
		{67156B18-90A7-4302-9AA0-920814E24F1B}.Release|x86.ActiveCfg = Release|Any CPU
		{67156B18-90A7-4302-9AA0-920814E24F1B}.Release|x86.Build.0 = Release|Any CPU
		{DE91439F-D233-439C-9B10-3261DBA9E760}.Debug|Any CPU.ActiveCfg = Debug|Any CPU
		{DE91439F-D233-439C-9B10-3261DBA9E760}.Debug|Any CPU.Build.0 = Debug|Any CPU
		{DE91439F-D233-439C-9B10-3261DBA9E760}.Debug|x64.ActiveCfg = Debug|Any CPU
		{DE91439F-D233-439C-9B10-3261DBA9E760}.Debug|x64.Build.0 = Debug|Any CPU
		{DE91439F-D233-439C-9B10-3261DBA9E760}.Debug|x86.ActiveCfg = Debug|Any CPU
		{DE91439F-D233-439C-9B10-3261DBA9E760}.Debug|x86.Build.0 = Debug|Any CPU
		{DE91439F-D233-439C-9B10-3261DBA9E760}.Release|Any CPU.ActiveCfg = Release|Any CPU
		{DE91439F-D233-439C-9B10-3261DBA9E760}.Release|Any CPU.Build.0 = Release|Any CPU
		{DE91439F-D233-439C-9B10-3261DBA9E760}.Release|x64.ActiveCfg = Release|Any CPU
		{DE91439F-D233-439C-9B10-3261DBA9E760}.Release|x64.Build.0 = Release|Any CPU
		{DE91439F-D233-439C-9B10-3261DBA9E760}.Release|x86.ActiveCfg = Release|Any CPU
		{DE91439F-D233-439C-9B10-3261DBA9E760}.Release|x86.Build.0 = Release|Any CPU
		{BC5877C0-EEE4-4A6B-87E9-52138E2F3CD4}.Debug|Any CPU.ActiveCfg = Debug|Any CPU
		{BC5877C0-EEE4-4A6B-87E9-52138E2F3CD4}.Debug|Any CPU.Build.0 = Debug|Any CPU
		{BC5877C0-EEE4-4A6B-87E9-52138E2F3CD4}.Debug|x64.ActiveCfg = Debug|Any CPU
		{BC5877C0-EEE4-4A6B-87E9-52138E2F3CD4}.Debug|x64.Build.0 = Debug|Any CPU
		{BC5877C0-EEE4-4A6B-87E9-52138E2F3CD4}.Debug|x86.ActiveCfg = Debug|Any CPU
		{BC5877C0-EEE4-4A6B-87E9-52138E2F3CD4}.Debug|x86.Build.0 = Debug|Any CPU
		{BC5877C0-EEE4-4A6B-87E9-52138E2F3CD4}.Release|Any CPU.ActiveCfg = Release|Any CPU
		{BC5877C0-EEE4-4A6B-87E9-52138E2F3CD4}.Release|Any CPU.Build.0 = Release|Any CPU
		{BC5877C0-EEE4-4A6B-87E9-52138E2F3CD4}.Release|x64.ActiveCfg = Release|Any CPU
		{BC5877C0-EEE4-4A6B-87E9-52138E2F3CD4}.Release|x64.Build.0 = Release|Any CPU
		{BC5877C0-EEE4-4A6B-87E9-52138E2F3CD4}.Release|x86.ActiveCfg = Release|Any CPU
		{BC5877C0-EEE4-4A6B-87E9-52138E2F3CD4}.Release|x86.Build.0 = Release|Any CPU
		{CAB8385E-033D-4D3B-A7F2-6F024AAB8527}.Debug|Any CPU.ActiveCfg = Debug|Any CPU
		{CAB8385E-033D-4D3B-A7F2-6F024AAB8527}.Debug|Any CPU.Build.0 = Debug|Any CPU
		{CAB8385E-033D-4D3B-A7F2-6F024AAB8527}.Debug|x64.ActiveCfg = Debug|Any CPU
		{CAB8385E-033D-4D3B-A7F2-6F024AAB8527}.Debug|x64.Build.0 = Debug|Any CPU
		{CAB8385E-033D-4D3B-A7F2-6F024AAB8527}.Debug|x86.ActiveCfg = Debug|Any CPU
		{CAB8385E-033D-4D3B-A7F2-6F024AAB8527}.Debug|x86.Build.0 = Debug|Any CPU
		{CAB8385E-033D-4D3B-A7F2-6F024AAB8527}.Release|Any CPU.ActiveCfg = Release|Any CPU
		{CAB8385E-033D-4D3B-A7F2-6F024AAB8527}.Release|Any CPU.Build.0 = Release|Any CPU
		{CAB8385E-033D-4D3B-A7F2-6F024AAB8527}.Release|x64.ActiveCfg = Release|Any CPU
		{CAB8385E-033D-4D3B-A7F2-6F024AAB8527}.Release|x64.Build.0 = Release|Any CPU
		{CAB8385E-033D-4D3B-A7F2-6F024AAB8527}.Release|x86.ActiveCfg = Release|Any CPU
		{CAB8385E-033D-4D3B-A7F2-6F024AAB8527}.Release|x86.Build.0 = Release|Any CPU
		{85B7C6A1-9901-4CB4-BCE9-D60F9C257737}.Debug|Any CPU.ActiveCfg = Debug|Any CPU
		{85B7C6A1-9901-4CB4-BCE9-D60F9C257737}.Debug|Any CPU.Build.0 = Debug|Any CPU
		{85B7C6A1-9901-4CB4-BCE9-D60F9C257737}.Debug|x64.ActiveCfg = Debug|Any CPU
		{85B7C6A1-9901-4CB4-BCE9-D60F9C257737}.Debug|x64.Build.0 = Debug|Any CPU
		{85B7C6A1-9901-4CB4-BCE9-D60F9C257737}.Debug|x86.ActiveCfg = Debug|Any CPU
		{85B7C6A1-9901-4CB4-BCE9-D60F9C257737}.Debug|x86.Build.0 = Debug|Any CPU
		{85B7C6A1-9901-4CB4-BCE9-D60F9C257737}.Release|Any CPU.ActiveCfg = Release|Any CPU
		{85B7C6A1-9901-4CB4-BCE9-D60F9C257737}.Release|Any CPU.Build.0 = Release|Any CPU
		{85B7C6A1-9901-4CB4-BCE9-D60F9C257737}.Release|x64.ActiveCfg = Release|Any CPU
		{85B7C6A1-9901-4CB4-BCE9-D60F9C257737}.Release|x64.Build.0 = Release|Any CPU
		{85B7C6A1-9901-4CB4-BCE9-D60F9C257737}.Release|x86.ActiveCfg = Release|Any CPU
		{85B7C6A1-9901-4CB4-BCE9-D60F9C257737}.Release|x86.Build.0 = Release|Any CPU
		{14C3076E-B624-4F3B-A4A6-D091577937A1}.Debug|Any CPU.ActiveCfg = Debug|Any CPU
		{14C3076E-B624-4F3B-A4A6-D091577937A1}.Debug|Any CPU.Build.0 = Debug|Any CPU
		{14C3076E-B624-4F3B-A4A6-D091577937A1}.Debug|x64.ActiveCfg = Debug|Any CPU
		{14C3076E-B624-4F3B-A4A6-D091577937A1}.Debug|x64.Build.0 = Debug|Any CPU
		{14C3076E-B624-4F3B-A4A6-D091577937A1}.Debug|x86.ActiveCfg = Debug|Any CPU
		{14C3076E-B624-4F3B-A4A6-D091577937A1}.Debug|x86.Build.0 = Debug|Any CPU
		{14C3076E-B624-4F3B-A4A6-D091577937A1}.Release|Any CPU.ActiveCfg = Release|Any CPU
		{14C3076E-B624-4F3B-A4A6-D091577937A1}.Release|Any CPU.Build.0 = Release|Any CPU
		{14C3076E-B624-4F3B-A4A6-D091577937A1}.Release|x64.ActiveCfg = Release|Any CPU
		{14C3076E-B624-4F3B-A4A6-D091577937A1}.Release|x64.Build.0 = Release|Any CPU
		{14C3076E-B624-4F3B-A4A6-D091577937A1}.Release|x86.ActiveCfg = Release|Any CPU
		{14C3076E-B624-4F3B-A4A6-D091577937A1}.Release|x86.Build.0 = Release|Any CPU
		{C418E2A8-141A-45F9-B537-ABCA86FCC3F6}.Debug|Any CPU.ActiveCfg = Debug|Any CPU
		{C418E2A8-141A-45F9-B537-ABCA86FCC3F6}.Debug|Any CPU.Build.0 = Debug|Any CPU
		{C418E2A8-141A-45F9-B537-ABCA86FCC3F6}.Debug|x64.ActiveCfg = Debug|Any CPU
		{C418E2A8-141A-45F9-B537-ABCA86FCC3F6}.Debug|x64.Build.0 = Debug|Any CPU
		{C418E2A8-141A-45F9-B537-ABCA86FCC3F6}.Debug|x86.ActiveCfg = Debug|Any CPU
		{C418E2A8-141A-45F9-B537-ABCA86FCC3F6}.Debug|x86.Build.0 = Debug|Any CPU
		{C418E2A8-141A-45F9-B537-ABCA86FCC3F6}.Release|Any CPU.ActiveCfg = Release|Any CPU
		{C418E2A8-141A-45F9-B537-ABCA86FCC3F6}.Release|Any CPU.Build.0 = Release|Any CPU
		{C418E2A8-141A-45F9-B537-ABCA86FCC3F6}.Release|x64.ActiveCfg = Release|Any CPU
		{C418E2A8-141A-45F9-B537-ABCA86FCC3F6}.Release|x64.Build.0 = Release|Any CPU
		{C418E2A8-141A-45F9-B537-ABCA86FCC3F6}.Release|x86.ActiveCfg = Release|Any CPU
		{C418E2A8-141A-45F9-B537-ABCA86FCC3F6}.Release|x86.Build.0 = Release|Any CPU
		{E3224095-1C9D-4248-BE8E-7ACFB9D34352}.Debug|Any CPU.ActiveCfg = Debug|Any CPU
		{E3224095-1C9D-4248-BE8E-7ACFB9D34352}.Debug|Any CPU.Build.0 = Debug|Any CPU
		{E3224095-1C9D-4248-BE8E-7ACFB9D34352}.Debug|x64.ActiveCfg = Debug|Any CPU
		{E3224095-1C9D-4248-BE8E-7ACFB9D34352}.Debug|x64.Build.0 = Debug|Any CPU
		{E3224095-1C9D-4248-BE8E-7ACFB9D34352}.Debug|x86.ActiveCfg = Debug|Any CPU
		{E3224095-1C9D-4248-BE8E-7ACFB9D34352}.Debug|x86.Build.0 = Debug|Any CPU
		{E3224095-1C9D-4248-BE8E-7ACFB9D34352}.Release|Any CPU.ActiveCfg = Release|Any CPU
		{E3224095-1C9D-4248-BE8E-7ACFB9D34352}.Release|Any CPU.Build.0 = Release|Any CPU
		{E3224095-1C9D-4248-BE8E-7ACFB9D34352}.Release|x64.ActiveCfg = Release|Any CPU
		{E3224095-1C9D-4248-BE8E-7ACFB9D34352}.Release|x64.Build.0 = Release|Any CPU
		{E3224095-1C9D-4248-BE8E-7ACFB9D34352}.Release|x86.ActiveCfg = Release|Any CPU
		{E3224095-1C9D-4248-BE8E-7ACFB9D34352}.Release|x86.Build.0 = Release|Any CPU
	EndGlobalSection
	GlobalSection(SolutionProperties) = preSolution
		HideSolutionNode = FALSE
	EndGlobalSection
	GlobalSection(NestedProjects) = preSolution
		{B564D529-DA46-4713-ACA5-BB7F6B9B32D9} = {2A275D42-9681-495E-80B8-D0529680DED7}
		{67156B18-90A7-4302-9AA0-920814E24F1B} = {CD6DDE10-3DC3-4D42-BA45-9999E995F39A}
		{DE91439F-D233-439C-9B10-3261DBA9E760} = {CD6DDE10-3DC3-4D42-BA45-9999E995F39A}
		{CAB8385E-033D-4D3B-A7F2-6F024AAB8527} = {6DF8173F-DE7A-4110-B192-856C0CD48D37}
		{85B7C6A1-9901-4CB4-BCE9-D60F9C257737} = {6DF8173F-DE7A-4110-B192-856C0CD48D37}
		{14C3076E-B624-4F3B-A4A6-D091577937A1} = {6DF8173F-DE7A-4110-B192-856C0CD48D37}
		{C418E2A8-141A-45F9-B537-ABCA86FCC3F6} = {6DF8173F-DE7A-4110-B192-856C0CD48D37}
	EndGlobalSection
	GlobalSection(ExtensibilityGlobals) = postSolution
		SolutionGuid = {BCB34875-DB5E-4444-99BA-3C362F8EF1BB}
	EndGlobalSection
EndGlobal
