
Microsoft Visual Studio Solution File, Format Version 12.00
Project("{FAE04EC0-301F-11D3-BF4B-00C04F79EFBC}") = "WebEntryPoint", "example\WebEntryPoint\WebEntryPoint.csproj", "{2A7AB93F-76AA-C694-527C-37FB4F8C859D}"
EndProject
Project("{FAE04EC0-301F-11D3-BF4B-00C04F79EFBC}") = "Commons", "src\Commons\Commons.csproj", "{88CE94B9-1617-87AA-411A-062495528737}"
EndProject
Project("{FAE04EC0-301F-11D3-BF4B-00C04F79EFBC}") = "Core", "src\Core\Core.csproj", "{B3F902A7-B1B7-2BED-D0C6-416D8E62B9E5}"
EndProject
Project("{FAE04EC0-301F-11D3-BF4B-00C04F79EFBC}") = "WebApi", "src\WebApi\WebApi.csproj", "{C8E31372-9201-644B-D9E2-46D849184C36}"
EndProject
Project("{FAE04EC0-301F-11D3-BF4B-00C04F79EFBC}") = "Web", "src\Web\Web.csproj", "{E156B064-B6F4-E4CE-46E7-CB2F4B40F5AF}"
EndProject
Project("{2150E333-8FDC-42A3-9474-1A3956D46DE8}") = "AppSettings", "AppSettings", "{95850CFE-F00B-71F1-CCAE-1E47672C4485}"
	ProjectSection(SolutionItems) = preProject
		appsettings.json = appsettings.json
	EndProjectSection
EndProject
Project("{2150E333-8FDC-42A3-9474-1A3956D46DE8}") = "CI", "CI", "{28428413-43EA-0B24-1C7B-889F66FF60A2}"
	ProjectSection(SolutionItems) = preProject
		Directory.Build.props = Directory.Build.props
		.github\workflows\docs.yml = .github\workflows\docs.yml
		.github\workflows\dotnet.yml = .github\workflows\dotnet.yml
		.github\workflows\nuget.yml = .github\workflows\nuget.yml
		README.NuGet.md = README.NuGet.md
		README.md = README.md
		.gitignore = .gitignore
	EndProjectSection
EndProject
Project("{2150E333-8FDC-42A3-9474-1A3956D46DE8}") = "ConsoleApps", "ConsoleApps", "{7610988E-A94A-1822-EDF9-C7435854F17E}"
EndProject
Project("{FAE04EC0-301F-11D3-BF4B-00C04F79EFBC}") = "FormElementImporter", "src\ConsoleApps\FormElementImporter\FormElementImporter.csproj", "{02034A8A-E2FC-C9CB-FCB5-82A39258AA79}"
EndProject
Project("{FAE04EC0-301F-11D3-BF4B-00C04F79EFBC}") = "LegacyMetadataMigrator", "src\ConsoleApps\LegacyMetadataMigrator\LegacyMetadataMigrator.csproj", "{466CE77C-050D-3879-D3FB-0A738EE37A5A}"
EndProject
Project("{FAE04EC0-301F-11D3-BF4B-00C04F79EFBC}") = "SchemaGenerator", "src\ConsoleApps\SchemaGenerator\SchemaGenerator.csproj", "{4ECBD0A6-D3FD-5770-6EB6-6261B2603CFC}"
EndProject
Project("{2150E333-8FDC-42A3-9474-1A3956D46DE8}") = "Docs", "Docs", "{4219A468-BE27-B74A-4BC3-D32363417C0F}"
	ProjectSection(SolutionItems) = preProject
		README.md = README.md
	EndProjectSection
EndProject
Project("{FAE04EC0-301F-11D3-BF4B-00C04F79EFBC}") = "Documentation", "doc\Documentation\Documentation.csproj", "{F6EDFE22-EFD8-61B6-3299-4A3D9478E6AB}"
EndProject
Project("{2150E333-8FDC-42A3-9474-1A3956D46DE8}") = "Plugins", "Plugins", "{DD262EAB-888B-A368-969C-B3321E0C983C}"
	ProjectSection(SolutionItems) = preProject
		src\Plugins\Directory.Build.props = src\Plugins\Directory.Build.props
	EndProjectSection
EndProject
Project("{FAE04EC0-301F-11D3-BF4B-00C04F79EFBC}") = "Brasil", "src\Plugins\Brasil\Brasil.csproj", "{7405D6C4-BB98-76FA-142B-A97996E47BA1}"
EndProject
Project("{FAE04EC0-301F-11D3-BF4B-00C04F79EFBC}") = "Hangfire", "src\Plugins\Hangfire\Hangfire.csproj", "{DFE6B946-B97D-18F5-59C0-FEDBB83D47FE}"
EndProject
Project("{FAE04EC0-301F-11D3-BF4B-00C04F79EFBC}") = "MongoDB", "src\Plugins\MongoDB\MongoDB.csproj", "{EC98C954-DD6D-4ACA-5BD1-5008D681D069}"
EndProject
Project("{FAE04EC0-301F-11D3-BF4B-00C04F79EFBC}") = "Pdf", "src\Plugins\Pdf\Pdf.csproj", "{C1AEE47B-0B3A-E175-93B3-4868E2D3CBDD}"
EndProject
Project("{FAE04EC0-301F-11D3-BF4B-00C04F79EFBC}") = "Python", "src\Plugins\Python\Python.csproj", "{CD3A0098-DDF0-A344-18AC-DFB9AA1C7BFD}"
EndProject
Project("{2150E333-8FDC-42A3-9474-1A3956D46DE8}") = "Tests", "Tests", "{11ECFD39-D994-1242-B871-A28B2AA04A73}"
EndProject
Project("{FAE04EC0-301F-11D3-BF4B-00C04F79EFBC}") = "Commons.Test", "test\Commons.Test\Commons.Test.csproj", "{D685159B-884B-CB92-4BB0-AE38B8C9DB88}"
EndProject
Project("{FAE04EC0-301F-11D3-BF4B-00C04F79EFBC}") = "Core.Test", "test\Core.Test\Core.Test.csproj", "{A42A5EF6-757B-2A39-FB58-4A9522487038}"
EndProject
Project("{FAE04EC0-301F-11D3-BF4B-00C04F79EFBC}") = "WebApi.Test", "test\WebApi.Test\WebApi.Test.csproj", "{44253A25-2C53-36F8-FECD-EEF8B94A4B59}"
EndProject
Project("{2150E333-8FDC-42A3-9474-1A3956D46DE8}") = "Plugins", "Plugins", "{F35C32B0-0F60-D50A-1D95-D9A5D2F2586B}"
EndProject
Project("{FAE04EC0-301F-11D3-BF4B-00C04F79EFBC}") = "Brasil.Test", "test\Plugins\Brasil\Brasil.Test\Brasil.Test.csproj", "{4D647207-191D-B4C7-31D9-9D6CAAB30779}"
EndProject
Global
	GlobalSection(SolutionConfigurationPlatforms) = preSolution
		Debug|Any CPU = Debug|Any CPU
		Debug|x64 = Debug|x64
		Debug|x86 = Debug|x86
		Release|Any CPU = Release|Any CPU
		Release|x64 = Release|x64
		Release|x86 = Release|x86
	EndGlobalSection
	GlobalSection(ProjectConfigurationPlatforms) = postSolution
		{2A7AB93F-76AA-C694-527C-37FB4F8C859D}.Debug|Any CPU.ActiveCfg = Debug|Any CPU
		{2A7AB93F-76AA-C694-527C-37FB4F8C859D}.Debug|Any CPU.Build.0 = Debug|Any CPU
		{2A7AB93F-76AA-C694-527C-37FB4F8C859D}.Debug|x64.ActiveCfg = Debug|Any CPU
		{2A7AB93F-76AA-C694-527C-37FB4F8C859D}.Debug|x64.Build.0 = Debug|Any CPU
		{2A7AB93F-76AA-C694-527C-37FB4F8C859D}.Debug|x86.ActiveCfg = Debug|Any CPU
		{2A7AB93F-76AA-C694-527C-37FB4F8C859D}.Debug|x86.Build.0 = Debug|Any CPU
		{2A7AB93F-76AA-C694-527C-37FB4F8C859D}.Release|Any CPU.ActiveCfg = Release|Any CPU
		{2A7AB93F-76AA-C694-527C-37FB4F8C859D}.Release|Any CPU.Build.0 = Release|Any CPU
		{2A7AB93F-76AA-C694-527C-37FB4F8C859D}.Release|x64.ActiveCfg = Release|Any CPU
		{2A7AB93F-76AA-C694-527C-37FB4F8C859D}.Release|x64.Build.0 = Release|Any CPU
		{2A7AB93F-76AA-C694-527C-37FB4F8C859D}.Release|x86.ActiveCfg = Release|Any CPU
		{2A7AB93F-76AA-C694-527C-37FB4F8C859D}.Release|x86.Build.0 = Release|Any CPU
		{88CE94B9-1617-87AA-411A-062495528737}.Debug|Any CPU.ActiveCfg = Debug|Any CPU
		{88CE94B9-1617-87AA-411A-062495528737}.Debug|Any CPU.Build.0 = Debug|Any CPU
		{88CE94B9-1617-87AA-411A-062495528737}.Debug|x64.ActiveCfg = Debug|Any CPU
		{88CE94B9-1617-87AA-411A-062495528737}.Debug|x64.Build.0 = Debug|Any CPU
		{88CE94B9-1617-87AA-411A-062495528737}.Debug|x86.ActiveCfg = Debug|Any CPU
		{88CE94B9-1617-87AA-411A-062495528737}.Debug|x86.Build.0 = Debug|Any CPU
		{88CE94B9-1617-87AA-411A-062495528737}.Release|Any CPU.ActiveCfg = Release|Any CPU
		{88CE94B9-1617-87AA-411A-062495528737}.Release|Any CPU.Build.0 = Release|Any CPU
		{88CE94B9-1617-87AA-411A-062495528737}.Release|x64.ActiveCfg = Release|Any CPU
		{88CE94B9-1617-87AA-411A-062495528737}.Release|x64.Build.0 = Release|Any CPU
		{88CE94B9-1617-87AA-411A-062495528737}.Release|x86.ActiveCfg = Release|Any CPU
		{88CE94B9-1617-87AA-411A-062495528737}.Release|x86.Build.0 = Release|Any CPU
		{B3F902A7-B1B7-2BED-D0C6-416D8E62B9E5}.Debug|Any CPU.ActiveCfg = Debug|Any CPU
		{B3F902A7-B1B7-2BED-D0C6-416D8E62B9E5}.Debug|Any CPU.Build.0 = Debug|Any CPU
		{B3F902A7-B1B7-2BED-D0C6-416D8E62B9E5}.Debug|x64.ActiveCfg = Debug|Any CPU
		{B3F902A7-B1B7-2BED-D0C6-416D8E62B9E5}.Debug|x64.Build.0 = Debug|Any CPU
		{B3F902A7-B1B7-2BED-D0C6-416D8E62B9E5}.Debug|x86.ActiveCfg = Debug|Any CPU
		{B3F902A7-B1B7-2BED-D0C6-416D8E62B9E5}.Debug|x86.Build.0 = Debug|Any CPU
		{B3F902A7-B1B7-2BED-D0C6-416D8E62B9E5}.Release|Any CPU.ActiveCfg = Release|Any CPU
		{B3F902A7-B1B7-2BED-D0C6-416D8E62B9E5}.Release|Any CPU.Build.0 = Release|Any CPU
		{B3F902A7-B1B7-2BED-D0C6-416D8E62B9E5}.Release|x64.ActiveCfg = Release|Any CPU
		{B3F902A7-B1B7-2BED-D0C6-416D8E62B9E5}.Release|x64.Build.0 = Release|Any CPU
		{B3F902A7-B1B7-2BED-D0C6-416D8E62B9E5}.Release|x86.ActiveCfg = Release|Any CPU
		{B3F902A7-B1B7-2BED-D0C6-416D8E62B9E5}.Release|x86.Build.0 = Release|Any CPU
		{C8E31372-9201-644B-D9E2-46D849184C36}.Debug|Any CPU.ActiveCfg = Debug|Any CPU
		{C8E31372-9201-644B-D9E2-46D849184C36}.Debug|Any CPU.Build.0 = Debug|Any CPU
		{C8E31372-9201-644B-D9E2-46D849184C36}.Debug|x64.ActiveCfg = Debug|Any CPU
		{C8E31372-9201-644B-D9E2-46D849184C36}.Debug|x64.Build.0 = Debug|Any CPU
		{C8E31372-9201-644B-D9E2-46D849184C36}.Debug|x86.ActiveCfg = Debug|Any CPU
		{C8E31372-9201-644B-D9E2-46D849184C36}.Debug|x86.Build.0 = Debug|Any CPU
		{C8E31372-9201-644B-D9E2-46D849184C36}.Release|Any CPU.ActiveCfg = Release|Any CPU
		{C8E31372-9201-644B-D9E2-46D849184C36}.Release|Any CPU.Build.0 = Release|Any CPU
		{C8E31372-9201-644B-D9E2-46D849184C36}.Release|x64.ActiveCfg = Release|Any CPU
		{C8E31372-9201-644B-D9E2-46D849184C36}.Release|x64.Build.0 = Release|Any CPU
		{C8E31372-9201-644B-D9E2-46D849184C36}.Release|x86.ActiveCfg = Release|Any CPU
		{C8E31372-9201-644B-D9E2-46D849184C36}.Release|x86.Build.0 = Release|Any CPU
		{E156B064-B6F4-E4CE-46E7-CB2F4B40F5AF}.Debug|Any CPU.ActiveCfg = Debug|Any CPU
		{E156B064-B6F4-E4CE-46E7-CB2F4B40F5AF}.Debug|Any CPU.Build.0 = Debug|Any CPU
		{E156B064-B6F4-E4CE-46E7-CB2F4B40F5AF}.Debug|x64.ActiveCfg = Debug|Any CPU
		{E156B064-B6F4-E4CE-46E7-CB2F4B40F5AF}.Debug|x64.Build.0 = Debug|Any CPU
		{E156B064-B6F4-E4CE-46E7-CB2F4B40F5AF}.Debug|x86.ActiveCfg = Debug|Any CPU
		{E156B064-B6F4-E4CE-46E7-CB2F4B40F5AF}.Debug|x86.Build.0 = Debug|Any CPU
		{E156B064-B6F4-E4CE-46E7-CB2F4B40F5AF}.Release|Any CPU.ActiveCfg = Release|Any CPU
		{E156B064-B6F4-E4CE-46E7-CB2F4B40F5AF}.Release|Any CPU.Build.0 = Release|Any CPU
		{E156B064-B6F4-E4CE-46E7-CB2F4B40F5AF}.Release|x64.ActiveCfg = Release|Any CPU
		{E156B064-B6F4-E4CE-46E7-CB2F4B40F5AF}.Release|x64.Build.0 = Release|Any CPU
		{E156B064-B6F4-E4CE-46E7-CB2F4B40F5AF}.Release|x86.ActiveCfg = Release|Any CPU
		{E156B064-B6F4-E4CE-46E7-CB2F4B40F5AF}.Release|x86.Build.0 = Release|Any CPU
		{02034A8A-E2FC-C9CB-FCB5-82A39258AA79}.Debug|Any CPU.ActiveCfg = Debug|Any CPU
		{02034A8A-E2FC-C9CB-FCB5-82A39258AA79}.Debug|Any CPU.Build.0 = Debug|Any CPU
		{02034A8A-E2FC-C9CB-FCB5-82A39258AA79}.Debug|x64.ActiveCfg = Debug|Any CPU
		{02034A8A-E2FC-C9CB-FCB5-82A39258AA79}.Debug|x64.Build.0 = Debug|Any CPU
		{02034A8A-E2FC-C9CB-FCB5-82A39258AA79}.Debug|x86.ActiveCfg = Debug|Any CPU
		{02034A8A-E2FC-C9CB-FCB5-82A39258AA79}.Debug|x86.Build.0 = Debug|Any CPU
		{02034A8A-E2FC-C9CB-FCB5-82A39258AA79}.Release|Any CPU.ActiveCfg = Release|Any CPU
		{02034A8A-E2FC-C9CB-FCB5-82A39258AA79}.Release|Any CPU.Build.0 = Release|Any CPU
		{02034A8A-E2FC-C9CB-FCB5-82A39258AA79}.Release|x64.ActiveCfg = Release|Any CPU
		{02034A8A-E2FC-C9CB-FCB5-82A39258AA79}.Release|x64.Build.0 = Release|Any CPU
		{02034A8A-E2FC-C9CB-FCB5-82A39258AA79}.Release|x86.ActiveCfg = Release|Any CPU
		{02034A8A-E2FC-C9CB-FCB5-82A39258AA79}.Release|x86.Build.0 = Release|Any CPU
		{466CE77C-050D-3879-D3FB-0A738EE37A5A}.Debug|Any CPU.ActiveCfg = Debug|Any CPU
		{466CE77C-050D-3879-D3FB-0A738EE37A5A}.Debug|Any CPU.Build.0 = Debug|Any CPU
		{466CE77C-050D-3879-D3FB-0A738EE37A5A}.Debug|x64.ActiveCfg = Debug|Any CPU
		{466CE77C-050D-3879-D3FB-0A738EE37A5A}.Debug|x64.Build.0 = Debug|Any CPU
		{466CE77C-050D-3879-D3FB-0A738EE37A5A}.Debug|x86.ActiveCfg = Debug|Any CPU
		{466CE77C-050D-3879-D3FB-0A738EE37A5A}.Debug|x86.Build.0 = Debug|Any CPU
		{466CE77C-050D-3879-D3FB-0A738EE37A5A}.Release|Any CPU.ActiveCfg = Release|Any CPU
		{466CE77C-050D-3879-D3FB-0A738EE37A5A}.Release|Any CPU.Build.0 = Release|Any CPU
		{466CE77C-050D-3879-D3FB-0A738EE37A5A}.Release|x64.ActiveCfg = Release|Any CPU
		{466CE77C-050D-3879-D3FB-0A738EE37A5A}.Release|x64.Build.0 = Release|Any CPU
		{466CE77C-050D-3879-D3FB-0A738EE37A5A}.Release|x86.ActiveCfg = Release|Any CPU
		{466CE77C-050D-3879-D3FB-0A738EE37A5A}.Release|x86.Build.0 = Release|Any CPU
		{4ECBD0A6-D3FD-5770-6EB6-6261B2603CFC}.Debug|Any CPU.ActiveCfg = Debug|Any CPU
		{4ECBD0A6-D3FD-5770-6EB6-6261B2603CFC}.Debug|Any CPU.Build.0 = Debug|Any CPU
		{4ECBD0A6-D3FD-5770-6EB6-6261B2603CFC}.Debug|x64.ActiveCfg = Debug|Any CPU
		{4ECBD0A6-D3FD-5770-6EB6-6261B2603CFC}.Debug|x64.Build.0 = Debug|Any CPU
		{4ECBD0A6-D3FD-5770-6EB6-6261B2603CFC}.Debug|x86.ActiveCfg = Debug|Any CPU
		{4ECBD0A6-D3FD-5770-6EB6-6261B2603CFC}.Debug|x86.Build.0 = Debug|Any CPU
		{4ECBD0A6-D3FD-5770-6EB6-6261B2603CFC}.Release|Any CPU.ActiveCfg = Release|Any CPU
		{4ECBD0A6-D3FD-5770-6EB6-6261B2603CFC}.Release|Any CPU.Build.0 = Release|Any CPU
		{4ECBD0A6-D3FD-5770-6EB6-6261B2603CFC}.Release|x64.ActiveCfg = Release|Any CPU
		{4ECBD0A6-D3FD-5770-6EB6-6261B2603CFC}.Release|x64.Build.0 = Release|Any CPU
		{4ECBD0A6-D3FD-5770-6EB6-6261B2603CFC}.Release|x86.ActiveCfg = Release|Any CPU
		{4ECBD0A6-D3FD-5770-6EB6-6261B2603CFC}.Release|x86.Build.0 = Release|Any CPU
		{F6EDFE22-EFD8-61B6-3299-4A3D9478E6AB}.Debug|Any CPU.ActiveCfg = Debug|Any CPU
		{F6EDFE22-EFD8-61B6-3299-4A3D9478E6AB}.Debug|Any CPU.Build.0 = Debug|Any CPU
		{F6EDFE22-EFD8-61B6-3299-4A3D9478E6AB}.Debug|x64.ActiveCfg = Debug|Any CPU
		{F6EDFE22-EFD8-61B6-3299-4A3D9478E6AB}.Debug|x64.Build.0 = Debug|Any CPU
		{F6EDFE22-EFD8-61B6-3299-4A3D9478E6AB}.Debug|x86.ActiveCfg = Debug|Any CPU
		{F6EDFE22-EFD8-61B6-3299-4A3D9478E6AB}.Debug|x86.Build.0 = Debug|Any CPU
		{F6EDFE22-EFD8-61B6-3299-4A3D9478E6AB}.Release|Any CPU.ActiveCfg = Release|Any CPU
		{F6EDFE22-EFD8-61B6-3299-4A3D9478E6AB}.Release|Any CPU.Build.0 = Release|Any CPU
		{F6EDFE22-EFD8-61B6-3299-4A3D9478E6AB}.Release|x64.ActiveCfg = Release|Any CPU
		{F6EDFE22-EFD8-61B6-3299-4A3D9478E6AB}.Release|x64.Build.0 = Release|Any CPU
		{F6EDFE22-EFD8-61B6-3299-4A3D9478E6AB}.Release|x86.ActiveCfg = Release|Any CPU
		{F6EDFE22-EFD8-61B6-3299-4A3D9478E6AB}.Release|x86.Build.0 = Release|Any CPU
		{7405D6C4-BB98-76FA-142B-A97996E47BA1}.Debug|Any CPU.ActiveCfg = Debug|Any CPU
		{7405D6C4-BB98-76FA-142B-A97996E47BA1}.Debug|Any CPU.Build.0 = Debug|Any CPU
		{7405D6C4-BB98-76FA-142B-A97996E47BA1}.Debug|x64.ActiveCfg = Debug|Any CPU
		{7405D6C4-BB98-76FA-142B-A97996E47BA1}.Debug|x64.Build.0 = Debug|Any CPU
		{7405D6C4-BB98-76FA-142B-A97996E47BA1}.Debug|x86.ActiveCfg = Debug|Any CPU
		{7405D6C4-BB98-76FA-142B-A97996E47BA1}.Debug|x86.Build.0 = Debug|Any CPU
		{7405D6C4-BB98-76FA-142B-A97996E47BA1}.Release|Any CPU.ActiveCfg = Release|Any CPU
		{7405D6C4-BB98-76FA-142B-A97996E47BA1}.Release|Any CPU.Build.0 = Release|Any CPU
		{7405D6C4-BB98-76FA-142B-A97996E47BA1}.Release|x64.ActiveCfg = Release|Any CPU
		{7405D6C4-BB98-76FA-142B-A97996E47BA1}.Release|x64.Build.0 = Release|Any CPU
		{7405D6C4-BB98-76FA-142B-A97996E47BA1}.Release|x86.ActiveCfg = Release|Any CPU
		{7405D6C4-BB98-76FA-142B-A97996E47BA1}.Release|x86.Build.0 = Release|Any CPU
		{DFE6B946-B97D-18F5-59C0-FEDBB83D47FE}.Debug|Any CPU.ActiveCfg = Debug|Any CPU
		{DFE6B946-B97D-18F5-59C0-FEDBB83D47FE}.Debug|Any CPU.Build.0 = Debug|Any CPU
		{DFE6B946-B97D-18F5-59C0-FEDBB83D47FE}.Debug|x64.ActiveCfg = Debug|Any CPU
		{DFE6B946-B97D-18F5-59C0-FEDBB83D47FE}.Debug|x64.Build.0 = Debug|Any CPU
		{DFE6B946-B97D-18F5-59C0-FEDBB83D47FE}.Debug|x86.ActiveCfg = Debug|Any CPU
		{DFE6B946-B97D-18F5-59C0-FEDBB83D47FE}.Debug|x86.Build.0 = Debug|Any CPU
		{DFE6B946-B97D-18F5-59C0-FEDBB83D47FE}.Release|Any CPU.ActiveCfg = Release|Any CPU
		{DFE6B946-B97D-18F5-59C0-FEDBB83D47FE}.Release|Any CPU.Build.0 = Release|Any CPU
		{DFE6B946-B97D-18F5-59C0-FEDBB83D47FE}.Release|x64.ActiveCfg = Release|Any CPU
		{DFE6B946-B97D-18F5-59C0-FEDBB83D47FE}.Release|x64.Build.0 = Release|Any CPU
		{DFE6B946-B97D-18F5-59C0-FEDBB83D47FE}.Release|x86.ActiveCfg = Release|Any CPU
		{DFE6B946-B97D-18F5-59C0-FEDBB83D47FE}.Release|x86.Build.0 = Release|Any CPU
		{EC98C954-DD6D-4ACA-5BD1-5008D681D069}.Debug|Any CPU.ActiveCfg = Debug|Any CPU
		{EC98C954-DD6D-4ACA-5BD1-5008D681D069}.Debug|Any CPU.Build.0 = Debug|Any CPU
		{EC98C954-DD6D-4ACA-5BD1-5008D681D069}.Debug|x64.ActiveCfg = Debug|Any CPU
		{EC98C954-DD6D-4ACA-5BD1-5008D681D069}.Debug|x64.Build.0 = Debug|Any CPU
		{EC98C954-DD6D-4ACA-5BD1-5008D681D069}.Debug|x86.ActiveCfg = Debug|Any CPU
		{EC98C954-DD6D-4ACA-5BD1-5008D681D069}.Debug|x86.Build.0 = Debug|Any CPU
		{EC98C954-DD6D-4ACA-5BD1-5008D681D069}.Release|Any CPU.ActiveCfg = Release|Any CPU
		{EC98C954-DD6D-4ACA-5BD1-5008D681D069}.Release|Any CPU.Build.0 = Release|Any CPU
		{EC98C954-DD6D-4ACA-5BD1-5008D681D069}.Release|x64.ActiveCfg = Release|Any CPU
		{EC98C954-DD6D-4ACA-5BD1-5008D681D069}.Release|x64.Build.0 = Release|Any CPU
		{EC98C954-DD6D-4ACA-5BD1-5008D681D069}.Release|x86.ActiveCfg = Release|Any CPU
		{EC98C954-DD6D-4ACA-5BD1-5008D681D069}.Release|x86.Build.0 = Release|Any CPU
		{C1AEE47B-0B3A-E175-93B3-4868E2D3CBDD}.Debug|Any CPU.ActiveCfg = Debug|Any CPU
		{C1AEE47B-0B3A-E175-93B3-4868E2D3CBDD}.Debug|Any CPU.Build.0 = Debug|Any CPU
		{C1AEE47B-0B3A-E175-93B3-4868E2D3CBDD}.Debug|x64.ActiveCfg = Debug|Any CPU
		{C1AEE47B-0B3A-E175-93B3-4868E2D3CBDD}.Debug|x64.Build.0 = Debug|Any CPU
		{C1AEE47B-0B3A-E175-93B3-4868E2D3CBDD}.Debug|x86.ActiveCfg = Debug|Any CPU
		{C1AEE47B-0B3A-E175-93B3-4868E2D3CBDD}.Debug|x86.Build.0 = Debug|Any CPU
		{C1AEE47B-0B3A-E175-93B3-4868E2D3CBDD}.Release|Any CPU.ActiveCfg = Release|Any CPU
		{C1AEE47B-0B3A-E175-93B3-4868E2D3CBDD}.Release|Any CPU.Build.0 = Release|Any CPU
		{C1AEE47B-0B3A-E175-93B3-4868E2D3CBDD}.Release|x64.ActiveCfg = Release|Any CPU
		{C1AEE47B-0B3A-E175-93B3-4868E2D3CBDD}.Release|x64.Build.0 = Release|Any CPU
		{C1AEE47B-0B3A-E175-93B3-4868E2D3CBDD}.Release|x86.ActiveCfg = Release|Any CPU
		{C1AEE47B-0B3A-E175-93B3-4868E2D3CBDD}.Release|x86.Build.0 = Release|Any CPU
		{CD3A0098-DDF0-A344-18AC-DFB9AA1C7BFD}.Debug|Any CPU.ActiveCfg = Debug|Any CPU
		{CD3A0098-DDF0-A344-18AC-DFB9AA1C7BFD}.Debug|Any CPU.Build.0 = Debug|Any CPU
		{CD3A0098-DDF0-A344-18AC-DFB9AA1C7BFD}.Debug|x64.ActiveCfg = Debug|Any CPU
		{CD3A0098-DDF0-A344-18AC-DFB9AA1C7BFD}.Debug|x64.Build.0 = Debug|Any CPU
		{CD3A0098-DDF0-A344-18AC-DFB9AA1C7BFD}.Debug|x86.ActiveCfg = Debug|Any CPU
		{CD3A0098-DDF0-A344-18AC-DFB9AA1C7BFD}.Debug|x86.Build.0 = Debug|Any CPU
		{CD3A0098-DDF0-A344-18AC-DFB9AA1C7BFD}.Release|Any CPU.ActiveCfg = Release|Any CPU
		{CD3A0098-DDF0-A344-18AC-DFB9AA1C7BFD}.Release|Any CPU.Build.0 = Release|Any CPU
		{CD3A0098-DDF0-A344-18AC-DFB9AA1C7BFD}.Release|x64.ActiveCfg = Release|Any CPU
		{CD3A0098-DDF0-A344-18AC-DFB9AA1C7BFD}.Release|x64.Build.0 = Release|Any CPU
		{CD3A0098-DDF0-A344-18AC-DFB9AA1C7BFD}.Release|x86.ActiveCfg = Release|Any CPU
		{CD3A0098-DDF0-A344-18AC-DFB9AA1C7BFD}.Release|x86.Build.0 = Release|Any CPU
		{D685159B-884B-CB92-4BB0-AE38B8C9DB88}.Debug|Any CPU.ActiveCfg = Debug|Any CPU
		{D685159B-884B-CB92-4BB0-AE38B8C9DB88}.Debug|Any CPU.Build.0 = Debug|Any CPU
		{D685159B-884B-CB92-4BB0-AE38B8C9DB88}.Debug|x64.ActiveCfg = Debug|Any CPU
		{D685159B-884B-CB92-4BB0-AE38B8C9DB88}.Debug|x64.Build.0 = Debug|Any CPU
		{D685159B-884B-CB92-4BB0-AE38B8C9DB88}.Debug|x86.ActiveCfg = Debug|Any CPU
		{D685159B-884B-CB92-4BB0-AE38B8C9DB88}.Debug|x86.Build.0 = Debug|Any CPU
		{D685159B-884B-CB92-4BB0-AE38B8C9DB88}.Release|Any CPU.ActiveCfg = Release|Any CPU
		{D685159B-884B-CB92-4BB0-AE38B8C9DB88}.Release|Any CPU.Build.0 = Release|Any CPU
		{D685159B-884B-CB92-4BB0-AE38B8C9DB88}.Release|x64.ActiveCfg = Release|Any CPU
		{D685159B-884B-CB92-4BB0-AE38B8C9DB88}.Release|x64.Build.0 = Release|Any CPU
		{D685159B-884B-CB92-4BB0-AE38B8C9DB88}.Release|x86.ActiveCfg = Release|Any CPU
		{D685159B-884B-CB92-4BB0-AE38B8C9DB88}.Release|x86.Build.0 = Release|Any CPU
		{A42A5EF6-757B-2A39-FB58-4A9522487038}.Debug|Any CPU.ActiveCfg = Debug|Any CPU
		{A42A5EF6-757B-2A39-FB58-4A9522487038}.Debug|Any CPU.Build.0 = Debug|Any CPU
		{A42A5EF6-757B-2A39-FB58-4A9522487038}.Debug|x64.ActiveCfg = Debug|Any CPU
		{A42A5EF6-757B-2A39-FB58-4A9522487038}.Debug|x64.Build.0 = Debug|Any CPU
		{A42A5EF6-757B-2A39-FB58-4A9522487038}.Debug|x86.ActiveCfg = Debug|Any CPU
		{A42A5EF6-757B-2A39-FB58-4A9522487038}.Debug|x86.Build.0 = Debug|Any CPU
		{A42A5EF6-757B-2A39-FB58-4A9522487038}.Release|Any CPU.ActiveCfg = Release|Any CPU
		{A42A5EF6-757B-2A39-FB58-4A9522487038}.Release|Any CPU.Build.0 = Release|Any CPU
		{A42A5EF6-757B-2A39-FB58-4A9522487038}.Release|x64.ActiveCfg = Release|Any CPU
		{A42A5EF6-757B-2A39-FB58-4A9522487038}.Release|x64.Build.0 = Release|Any CPU
		{A42A5EF6-757B-2A39-FB58-4A9522487038}.Release|x86.ActiveCfg = Release|Any CPU
		{A42A5EF6-757B-2A39-FB58-4A9522487038}.Release|x86.Build.0 = Release|Any CPU
		{44253A25-2C53-36F8-FECD-EEF8B94A4B59}.Debug|Any CPU.ActiveCfg = Debug|Any CPU
		{44253A25-2C53-36F8-FECD-EEF8B94A4B59}.Debug|Any CPU.Build.0 = Debug|Any CPU
		{44253A25-2C53-36F8-FECD-EEF8B94A4B59}.Debug|x64.ActiveCfg = Debug|Any CPU
		{44253A25-2C53-36F8-FECD-EEF8B94A4B59}.Debug|x64.Build.0 = Debug|Any CPU
		{44253A25-2C53-36F8-FECD-EEF8B94A4B59}.Debug|x86.ActiveCfg = Debug|Any CPU
		{44253A25-2C53-36F8-FECD-EEF8B94A4B59}.Debug|x86.Build.0 = Debug|Any CPU
		{44253A25-2C53-36F8-FECD-EEF8B94A4B59}.Release|Any CPU.ActiveCfg = Release|Any CPU
		{44253A25-2C53-36F8-FECD-EEF8B94A4B59}.Release|Any CPU.Build.0 = Release|Any CPU
		{44253A25-2C53-36F8-FECD-EEF8B94A4B59}.Release|x64.ActiveCfg = Release|Any CPU
		{44253A25-2C53-36F8-FECD-EEF8B94A4B59}.Release|x64.Build.0 = Release|Any CPU
		{44253A25-2C53-36F8-FECD-EEF8B94A4B59}.Release|x86.ActiveCfg = Release|Any CPU
		{44253A25-2C53-36F8-FECD-EEF8B94A4B59}.Release|x86.Build.0 = Release|Any CPU
		{4D647207-191D-B4C7-31D9-9D6CAAB30779}.Debug|Any CPU.ActiveCfg = Debug|Any CPU
		{4D647207-191D-B4C7-31D9-9D6CAAB30779}.Debug|Any CPU.Build.0 = Debug|Any CPU
		{4D647207-191D-B4C7-31D9-9D6CAAB30779}.Debug|x64.ActiveCfg = Debug|Any CPU
		{4D647207-191D-B4C7-31D9-9D6CAAB30779}.Debug|x64.Build.0 = Debug|Any CPU
		{4D647207-191D-B4C7-31D9-9D6CAAB30779}.Debug|x86.ActiveCfg = Debug|Any CPU
		{4D647207-191D-B4C7-31D9-9D6CAAB30779}.Debug|x86.Build.0 = Debug|Any CPU
		{4D647207-191D-B4C7-31D9-9D6CAAB30779}.Release|Any CPU.ActiveCfg = Release|Any CPU
		{4D647207-191D-B4C7-31D9-9D6CAAB30779}.Release|Any CPU.Build.0 = Release|Any CPU
		{4D647207-191D-B4C7-31D9-9D6CAAB30779}.Release|x64.ActiveCfg = Release|Any CPU
		{4D647207-191D-B4C7-31D9-9D6CAAB30779}.Release|x64.Build.0 = Release|Any CPU
		{4D647207-191D-B4C7-31D9-9D6CAAB30779}.Release|x86.ActiveCfg = Release|Any CPU
		{4D647207-191D-B4C7-31D9-9D6CAAB30779}.Release|x86.Build.0 = Release|Any CPU
	EndGlobalSection
	GlobalSection(NestedProjects) = preSolution
		{02034A8A-E2FC-C9CB-FCB5-82A39258AA79} = {7610988E-A94A-1822-EDF9-C7435854F17E}
		{466CE77C-050D-3879-D3FB-0A738EE37A5A} = {7610988E-A94A-1822-EDF9-C7435854F17E}
		{4ECBD0A6-D3FD-5770-6EB6-6261B2603CFC} = {7610988E-A94A-1822-EDF9-C7435854F17E}
		{F6EDFE22-EFD8-61B6-3299-4A3D9478E6AB} = {4219A468-BE27-B74A-4BC3-D32363417C0F}
		{7405D6C4-BB98-76FA-142B-A97996E47BA1} = {DD262EAB-888B-A368-969C-B3321E0C983C}
		{DFE6B946-B97D-18F5-59C0-FEDBB83D47FE} = {DD262EAB-888B-A368-969C-B3321E0C983C}
		{EC98C954-DD6D-4ACA-5BD1-5008D681D069} = {DD262EAB-888B-A368-969C-B3321E0C983C}
		{C1AEE47B-0B3A-E175-93B3-4868E2D3CBDD} = {DD262EAB-888B-A368-969C-B3321E0C983C}
		{CD3A0098-DDF0-A344-18AC-DFB9AA1C7BFD} = {DD262EAB-888B-A368-969C-B3321E0C983C}
		{D685159B-884B-CB92-4BB0-AE38B8C9DB88} = {11ECFD39-D994-1242-B871-A28B2AA04A73}
		{A42A5EF6-757B-2A39-FB58-4A9522487038} = {11ECFD39-D994-1242-B871-A28B2AA04A73}
		{44253A25-2C53-36F8-FECD-EEF8B94A4B59} = {11ECFD39-D994-1242-B871-A28B2AA04A73}
		{F35C32B0-0F60-D50A-1D95-D9A5D2F2586B} = {11ECFD39-D994-1242-B871-A28B2AA04A73}
		{4D647207-191D-B4C7-31D9-9D6CAAB30779} = {F35C32B0-0F60-D50A-1D95-D9A5D2F2586B}
	EndGlobalSection
EndGlobal
