
Microsoft Visual Studio Solution File, Format Version 12.00
Project("{FAE04EC0-301F-11D3-BF4B-00C04F79EFBC}") = "JJMasterData.Example", "JJMasterData.Example.csproj", "{C2EA0DF9-6920-4887-BCFC-2E8110C7788D}"
EndProject
Global
	GlobalSection(SolutionConfigurationPlatforms) = preSolution
		Debug|Any CPU = Debug|Any CPU
		Release|Any CPU = Release|Any CPU
	EndGlobalSection
	GlobalSection(ProjectConfigurationPlatforms) = postSolution
		{C2EA0DF9-6920-4887-BCFC-2E8110C7788D}.Debug|Any CPU.ActiveCfg = Debug|Any CPU
		{C2EA0DF9-6920-4887-BCFC-2E8110C7788D}.Debug|Any CPU.Build.0 = Debug|Any CPU
		{C2EA0DF9-6920-4887-BCFC-2E8110C7788D}.Release|Any CPU.ActiveCfg = Release|Any CPU
		{C2EA0DF9-6920-4887-BCFC-2E8110C7788D}.Release|Any CPU.Build.0 = Release|Any CPU
	EndGlobalSection
EndGlobal
