
Microsoft Visual Studio Solution File, Format Version 12.00
# Visual Studio Version 17
VisualStudioVersion = 17.9.34728.123
MinimumVisualStudioVersion = 10.0.40219.1
Project("{FAE04EC0-301F-11D3-BF4B-00C04F79EFBC}") = "TestesMasterData", "TestesMasterData.csproj", "{736431AD-C028-41E1-996A-108D9F5B77AC}"
EndProject
Global
	GlobalSection(SolutionConfigurationPlatforms) = preSolution
		Debug|Any CPU = Debug|Any CPU
		Release|Any CPU = Release|Any CPU
	EndGlobalSection
	GlobalSection(ProjectConfigurationPlatforms) = postSolution
		{736431AD-C028-41E1-996A-108D9F5B77AC}.Debug|Any CPU.ActiveCfg = Debug|Any CPU
		{736431AD-C028-41E1-996A-108D9F5B77AC}.Debug|Any CPU.Build.0 = Debug|Any CPU
		{736431AD-C028-41E1-996A-108D9F5B77AC}.Release|Any CPU.ActiveCfg = Release|Any CPU
		{736431AD-C028-41E1-996A-108D9F5B77AC}.Release|Any CPU.Build.0 = Release|Any CPU
	EndGlobalSection
	GlobalSection(SolutionProperties) = preSolution
		HideSolutionNode = FALSE
	EndGlobalSection
	GlobalSection(ExtensibilityGlobals) = postSolution
		SolutionGuid = {4C233F8B-B8DD-4055-87CB-398C6AE12EF8}
	EndGlobalSection
EndGlobal
